// !$*UTF8*$!
{
	archiveVersion = 1;
	classes = {
	};
	objectVersion = 56;
	objects = {

/* Begin PBXBuildFile section */
		BD15957F291A3FAE00C552CB /* Adjusted+Extension.swift in Sources */ = {isa = PBXBuildFile; fileRef = BD15957E291A3FAE00C552CB /* Adjusted+Extension.swift */; };
		BD23475E291A5F1F009BC722 /* NotoSansCJKkr-Medium.otf in Resources */ = {isa = PBXBuildFile; fileRef = BD23475C291A5F1D009BC722 /* NotoSansCJKkr-Medium.otf */; };
		BD23475F291A5F1F009BC722 /* NotoSansCJKkr-Regular.otf in Resources */ = {isa = PBXBuildFile; fileRef = BD23475D291A5F1F009BC722 /* NotoSansCJKkr-Regular.otf */; };
		BD234761291A6052009BC722 /* TypoStyle.swift in Sources */ = {isa = PBXBuildFile; fileRef = BD234760291A6052009BC722 /* TypoStyle.swift */; };
		BD234763291A771A009BC722 /* UILabel+Extension.swift in Sources */ = {isa = PBXBuildFile; fileRef = BD234762291A771A009BC722 /* UILabel+Extension.swift */; };
		BD23476B291A9AEB009BC722 /* BaseView.swift in Sources */ = {isa = PBXBuildFile; fileRef = BD23476A291A9AEB009BC722 /* BaseView.swift */; };
		BD23476E291A9B41009BC722 /* SSButton.swift in Sources */ = {isa = PBXBuildFile; fileRef = BD23476D291A9B41009BC722 /* SSButton.swift */; };
		BD234770291A9B8A009BC722 /* SSButtonStyle.swift in Sources */ = {isa = PBXBuildFile; fileRef = BD23476F291A9B8A009BC722 /* SSButtonStyle.swift */; };
		BD234775291AA3C7009BC722 /* BaseCollectionViewCell.swift in Sources */ = {isa = PBXBuildFile; fileRef = BD234774291AA3C7009BC722 /* BaseCollectionViewCell.swift */; };
		BD234778291AA418009BC722 /* Reusable.swift in Sources */ = {isa = PBXBuildFile; fileRef = BD234777291AA418009BC722 /* Reusable.swift */; };
		BD23477A291AA451009BC722 /* UICollectionView+Extension.swift in Sources */ = {isa = PBXBuildFile; fileRef = BD234779291AA451009BC722 /* UICollectionView+Extension.swift */; };
		BD23477C291AA4EF009BC722 /* OnboardingCollectionViewCell.swift in Sources */ = {isa = PBXBuildFile; fileRef = BD23477B291AA4EF009BC722 /* OnboardingCollectionViewCell.swift */; };
		BD23477F291BB48A009BC722 /* UIFont+Extension.swift in Sources */ = {isa = PBXBuildFile; fileRef = BD23477E291BB48A009BC722 /* UIFont+Extension.swift */; };
		BD392CAE291D304A008D3EAB /* UITextField+Extension.swift in Sources */ = {isa = PBXBuildFile; fileRef = BD392CAD291D304A008D3EAB /* UITextField+Extension.swift */; };
		BD392CB2291D3990008D3EAB /* NicknameViewController.swift in Sources */ = {isa = PBXBuildFile; fileRef = BD392CB1291D3990008D3EAB /* NicknameViewController.swift */; };
		BD392CB6291D39A5008D3EAB /* BirthViewController.swift in Sources */ = {isa = PBXBuildFile; fileRef = BD392CB5291D39A5008D3EAB /* BirthViewController.swift */; };
		BD392CBA291D39DD008D3EAB /* EmailViewController.swift in Sources */ = {isa = PBXBuildFile; fileRef = BD392CB9291D39DD008D3EAB /* EmailViewController.swift */; };
		BD392CBC291D39EC008D3EAB /* GenderViewController.swift in Sources */ = {isa = PBXBuildFile; fileRef = BD392CBB291D39EC008D3EAB /* GenderViewController.swift */; };
		BD9257E2291943F8008A3158 /* AppDelegate.swift in Sources */ = {isa = PBXBuildFile; fileRef = BD9257E1291943F8008A3158 /* AppDelegate.swift */; };
		BD9257E4291943F8008A3158 /* SceneDelegate.swift in Sources */ = {isa = PBXBuildFile; fileRef = BD9257E3291943F8008A3158 /* SceneDelegate.swift */; };
		BD9257EB291943F9008A3158 /* Assets.xcassets in Resources */ = {isa = PBXBuildFile; fileRef = BD9257EA291943F9008A3158 /* Assets.xcassets */; };
		BD9257EE291943F9008A3158 /* LaunchScreen.storyboard in Resources */ = {isa = PBXBuildFile; fileRef = BD9257EC291943F9008A3158 /* LaunchScreen.storyboard */; };
		BD925805291945A8008A3158 /* SplashViewController.swift in Sources */ = {isa = PBXBuildFile; fileRef = BD925804291945A8008A3158 /* SplashViewController.swift */; };
		BD92580B29194670008A3158 /* OnboardingViewController.swift in Sources */ = {isa = PBXBuildFile; fileRef = BD92580A29194670008A3158 /* OnboardingViewController.swift */; };
		BD92580E29194691008A3158 /* BaseViewController.swift in Sources */ = {isa = PBXBuildFile; fileRef = BD92580D29194691008A3158 /* BaseViewController.swift */; };
		BD925810291946E8008A3158 /* Images.xcassets in Resources */ = {isa = PBXBuildFile; fileRef = BD92580F291946E8008A3158 /* Images.xcassets */; };
		BD925814291946FE008A3158 /* Colors.swift in Sources */ = {isa = PBXBuildFile; fileRef = BD925813291946FE008A3158 /* Colors.swift */; };
		BD92581629194706008A3158 /* Images.swift in Sources */ = {isa = PBXBuildFile; fileRef = BD92581529194706008A3158 /* Images.swift */; };
		BD925827291948DF008A3158 /* SnapKit in Frameworks */ = {isa = PBXBuildFile; productRef = BD925826291948DF008A3158 /* SnapKit */; };
		BD92582A29194901008A3158 /* RxCocoa in Frameworks */ = {isa = PBXBuildFile; productRef = BD92582929194901008A3158 /* RxCocoa */; };
		BD92582C29194901008A3158 /* RxSwift in Frameworks */ = {isa = PBXBuildFile; productRef = BD92582B29194901008A3158 /* RxSwift */; };
		BD92582F2919491C008A3158 /* Then in Frameworks */ = {isa = PBXBuildFile; productRef = BD92582E2919491C008A3158 /* Then */; };
		BD92583229194BC8008A3158 /* .swiftlint.yml in Resources */ = {isa = PBXBuildFile; fileRef = BD92583129194BC8008A3158 /* .swiftlint.yml */; };
		BDE095C5291C17AB009CB1C0 /* Onboarding.swift in Sources */ = {isa = PBXBuildFile; fileRef = BDE095C4291C17AB009CB1C0 /* Onboarding.swift */; };
		BDE095C7291C1911009CB1C0 /* OnboardingView.swift in Sources */ = {isa = PBXBuildFile; fileRef = BDE095C6291C1911009CB1C0 /* OnboardingView.swift */; };
		BDE095CE291C1E79009CB1C0 /* PhoneEntryViewController.swift in Sources */ = {isa = PBXBuildFile; fileRef = BDE095CD291C1E79009CB1C0 /* PhoneEntryViewController.swift */; };
		BDE095D0291C1E92009CB1C0 /* PhoneVerificationViewController.swift in Sources */ = {isa = PBXBuildFile; fileRef = BDE095CF291C1E92009CB1C0 /* PhoneVerificationViewController.swift */; };
		BDE095D2291C1EC7009CB1C0 /* PhoneEntryViewModel.swift in Sources */ = {isa = PBXBuildFile; fileRef = BDE095D1291C1EC7009CB1C0 /* PhoneEntryViewModel.swift */; };
		BDE095D4291C1ED0009CB1C0 /* PhoneVerificationViewModel.swift in Sources */ = {isa = PBXBuildFile; fileRef = BDE095D3291C1ED0009CB1C0 /* PhoneVerificationViewModel.swift */; };
/* End PBXBuildFile section */

/* Begin PBXFileReference section */
		BD15957E291A3FAE00C552CB /* Adjusted+Extension.swift */ = {isa = PBXFileReference; lastKnownFileType = sourcecode.swift; path = "Adjusted+Extension.swift"; sourceTree = "<group>"; };
		BD23475C291A5F1D009BC722 /* NotoSansCJKkr-Medium.otf */ = {isa = PBXFileReference; lastKnownFileType = file; path = "NotoSansCJKkr-Medium.otf"; sourceTree = "<group>"; };
		BD23475D291A5F1F009BC722 /* NotoSansCJKkr-Regular.otf */ = {isa = PBXFileReference; lastKnownFileType = file; path = "NotoSansCJKkr-Regular.otf"; sourceTree = "<group>"; };
		BD234760291A6052009BC722 /* TypoStyle.swift */ = {isa = PBXFileReference; lastKnownFileType = sourcecode.swift; path = TypoStyle.swift; sourceTree = "<group>"; };
		BD234762291A771A009BC722 /* UILabel+Extension.swift */ = {isa = PBXFileReference; lastKnownFileType = sourcecode.swift; path = "UILabel+Extension.swift"; sourceTree = "<group>"; };
		BD23476A291A9AEB009BC722 /* BaseView.swift */ = {isa = PBXFileReference; lastKnownFileType = sourcecode.swift; path = BaseView.swift; sourceTree = "<group>"; };
		BD23476D291A9B41009BC722 /* SSButton.swift */ = {isa = PBXFileReference; lastKnownFileType = sourcecode.swift; path = SSButton.swift; sourceTree = "<group>"; };
		BD23476F291A9B8A009BC722 /* SSButtonStyle.swift */ = {isa = PBXFileReference; lastKnownFileType = sourcecode.swift; path = SSButtonStyle.swift; sourceTree = "<group>"; };
		BD234774291AA3C7009BC722 /* BaseCollectionViewCell.swift */ = {isa = PBXFileReference; lastKnownFileType = sourcecode.swift; path = BaseCollectionViewCell.swift; sourceTree = "<group>"; };
		BD234777291AA418009BC722 /* Reusable.swift */ = {isa = PBXFileReference; lastKnownFileType = sourcecode.swift; path = Reusable.swift; sourceTree = "<group>"; };
		BD234779291AA451009BC722 /* UICollectionView+Extension.swift */ = {isa = PBXFileReference; lastKnownFileType = sourcecode.swift; path = "UICollectionView+Extension.swift"; sourceTree = "<group>"; };
		BD23477B291AA4EF009BC722 /* OnboardingCollectionViewCell.swift */ = {isa = PBXFileReference; lastKnownFileType = sourcecode.swift; path = OnboardingCollectionViewCell.swift; sourceTree = "<group>"; };
		BD23477E291BB48A009BC722 /* UIFont+Extension.swift */ = {isa = PBXFileReference; lastKnownFileType = sourcecode.swift; path = "UIFont+Extension.swift"; sourceTree = "<group>"; };
		BD392CAD291D304A008D3EAB /* UITextField+Extension.swift */ = {isa = PBXFileReference; lastKnownFileType = sourcecode.swift; path = "UITextField+Extension.swift"; sourceTree = "<group>"; };
		BD392CB1291D3990008D3EAB /* NicknameViewController.swift */ = {isa = PBXFileReference; lastKnownFileType = sourcecode.swift; path = NicknameViewController.swift; sourceTree = "<group>"; };
		BD392CB5291D39A5008D3EAB /* BirthViewController.swift */ = {isa = PBXFileReference; lastKnownFileType = sourcecode.swift; path = BirthViewController.swift; sourceTree = "<group>"; };
		BD392CB9291D39DD008D3EAB /* EmailViewController.swift */ = {isa = PBXFileReference; lastKnownFileType = sourcecode.swift; path = EmailViewController.swift; sourceTree = "<group>"; };
		BD392CBB291D39EC008D3EAB /* GenderViewController.swift */ = {isa = PBXFileReference; lastKnownFileType = sourcecode.swift; path = GenderViewController.swift; sourceTree = "<group>"; };
		BD9257DE291943F8008A3158 /* Mogakco.app */ = {isa = PBXFileReference; explicitFileType = wrapper.application; includeInIndex = 0; path = Mogakco.app; sourceTree = BUILT_PRODUCTS_DIR; };
		BD9257E1291943F8008A3158 /* AppDelegate.swift */ = {isa = PBXFileReference; lastKnownFileType = sourcecode.swift; path = AppDelegate.swift; sourceTree = "<group>"; };
		BD9257E3291943F8008A3158 /* SceneDelegate.swift */ = {isa = PBXFileReference; lastKnownFileType = sourcecode.swift; path = SceneDelegate.swift; sourceTree = "<group>"; };
		BD9257EA291943F9008A3158 /* Assets.xcassets */ = {isa = PBXFileReference; lastKnownFileType = folder.assetcatalog; path = Assets.xcassets; sourceTree = "<group>"; };
		BD9257ED291943F9008A3158 /* Base */ = {isa = PBXFileReference; lastKnownFileType = file.storyboard; name = Base; path = Base.lproj/LaunchScreen.storyboard; sourceTree = "<group>"; };
		BD9257EF291943F9008A3158 /* Info.plist */ = {isa = PBXFileReference; lastKnownFileType = text.plist.xml; path = Info.plist; sourceTree = "<group>"; };
		BD925804291945A8008A3158 /* SplashViewController.swift */ = {isa = PBXFileReference; lastKnownFileType = sourcecode.swift; path = SplashViewController.swift; sourceTree = "<group>"; };
		BD92580A29194670008A3158 /* OnboardingViewController.swift */ = {isa = PBXFileReference; lastKnownFileType = sourcecode.swift; path = OnboardingViewController.swift; sourceTree = "<group>"; };
		BD92580D29194691008A3158 /* BaseViewController.swift */ = {isa = PBXFileReference; lastKnownFileType = sourcecode.swift; path = BaseViewController.swift; sourceTree = "<group>"; };
		BD92580F291946E8008A3158 /* Images.xcassets */ = {isa = PBXFileReference; lastKnownFileType = folder.assetcatalog; path = Images.xcassets; sourceTree = "<group>"; };
		BD925813291946FE008A3158 /* Colors.swift */ = {isa = PBXFileReference; lastKnownFileType = sourcecode.swift; path = Colors.swift; sourceTree = "<group>"; };
		BD92581529194706008A3158 /* Images.swift */ = {isa = PBXFileReference; lastKnownFileType = sourcecode.swift; path = Images.swift; sourceTree = "<group>"; };
		BD92581B2919476E008A3158 /* .gitkeep */ = {isa = PBXFileReference; lastKnownFileType = text; path = .gitkeep; sourceTree = "<group>"; };
		BD92581F29194788008A3158 /* .gitkeep */ = {isa = PBXFileReference; lastKnownFileType = text; path = .gitkeep; sourceTree = "<group>"; };
		BD925823291947A2008A3158 /* .gitkeep */ = {isa = PBXFileReference; lastKnownFileType = text; path = .gitkeep; sourceTree = "<group>"; };
		BD92583129194BC8008A3158 /* .swiftlint.yml */ = {isa = PBXFileReference; lastKnownFileType = text.yaml; path = .swiftlint.yml; sourceTree = "<group>"; };
		BDE095C4291C17AB009CB1C0 /* Onboarding.swift */ = {isa = PBXFileReference; lastKnownFileType = sourcecode.swift; path = Onboarding.swift; sourceTree = "<group>"; };
		BDE095C6291C1911009CB1C0 /* OnboardingView.swift */ = {isa = PBXFileReference; lastKnownFileType = sourcecode.swift; path = OnboardingView.swift; sourceTree = "<group>"; };
		BDE095CD291C1E79009CB1C0 /* PhoneEntryViewController.swift */ = {isa = PBXFileReference; lastKnownFileType = sourcecode.swift; path = PhoneEntryViewController.swift; sourceTree = "<group>"; };
		BDE095CF291C1E92009CB1C0 /* PhoneVerificationViewController.swift */ = {isa = PBXFileReference; lastKnownFileType = sourcecode.swift; path = PhoneVerificationViewController.swift; sourceTree = "<group>"; };
		BDE095D1291C1EC7009CB1C0 /* PhoneEntryViewModel.swift */ = {isa = PBXFileReference; lastKnownFileType = sourcecode.swift; path = PhoneEntryViewModel.swift; sourceTree = "<group>"; };
		BDE095D3291C1ED0009CB1C0 /* PhoneVerificationViewModel.swift */ = {isa = PBXFileReference; lastKnownFileType = sourcecode.swift; path = PhoneVerificationViewModel.swift; sourceTree = "<group>"; };
/* End PBXFileReference section */

/* Begin PBXFrameworksBuildPhase section */
		BD9257DB291943F8008A3158 /* Frameworks */ = {
			isa = PBXFrameworksBuildPhase;
			buildActionMask = 2147483647;
			files = (
				BD92582C29194901008A3158 /* RxSwift in Frameworks */,
				BD92582A29194901008A3158 /* RxCocoa in Frameworks */,
				BD925827291948DF008A3158 /* SnapKit in Frameworks */,
				BD92582F2919491C008A3158 /* Then in Frameworks */,
			);
			runOnlyForDeploymentPostprocessing = 0;
		};
/* End PBXFrameworksBuildPhase section */

/* Begin PBXGroup section */
		BD15957B291A3F8C00C552CB /* UIKit+ */ = {
			isa = PBXGroup;
			children = (
				BD15957E291A3FAE00C552CB /* Adjusted+Extension.swift */,
				BD234779291AA451009BC722 /* UICollectionView+Extension.swift */,
				BD23477E291BB48A009BC722 /* UIFont+Extension.swift */,
				BD234762291A771A009BC722 /* UILabel+Extension.swift */,
				BD392CAD291D304A008D3EAB /* UITextField+Extension.swift */,
			);
			path = "UIKit+";
			sourceTree = "<group>";
		};
		BD234764291A86FC009BC722 /* DesignSystem */ = {
			isa = PBXGroup;
			children = (
				BD23476C291A9B2C009BC722 /* SSButton */,
			);
			path = DesignSystem;
			sourceTree = "<group>";
		};
		BD23476C291A9B2C009BC722 /* SSButton */ = {
			isa = PBXGroup;
			children = (
				BD23476D291A9B41009BC722 /* SSButton.swift */,
				BD23476F291A9B8A009BC722 /* SSButtonStyle.swift */,
			);
			path = SSButton;
			sourceTree = "<group>";
		};
		BD234776291AA410009BC722 /* Protocol */ = {
			isa = PBXGroup;
			children = (
				BD234777291AA418009BC722 /* Reusable.swift */,
			);
			path = Protocol;
			sourceTree = "<group>";
		};
		BD392CB7291D39AE008D3EAB /* SignUp */ = {
			isa = PBXGroup;
			children = (
				BD392CB8291D39B3008D3EAB /* View */,
			);
			path = SignUp;
			sourceTree = "<group>";
		};
		BD392CB8291D39B3008D3EAB /* View */ = {
			isa = PBXGroup;
			children = (
				BD392CB5291D39A5008D3EAB /* BirthViewController.swift */,
				BD392CB9291D39DD008D3EAB /* EmailViewController.swift */,
				BD392CBB291D39EC008D3EAB /* GenderViewController.swift */,
				BD392CB1291D3990008D3EAB /* NicknameViewController.swift */,
			);
			path = View;
			sourceTree = "<group>";
		};
		BD9257D5291943F7008A3158 = {
			isa = PBXGroup;
			children = (
				BD92583129194BC8008A3158 /* .swiftlint.yml */,
				BD9257E0291943F8008A3158 /* Mogakco */,
				BD9257DF291943F8008A3158 /* Products */,
			);
			sourceTree = "<group>";
		};
		BD9257DF291943F8008A3158 /* Products */ = {
			isa = PBXGroup;
			children = (
				BD9257DE291943F8008A3158 /* Mogakco.app */,
			);
			name = Products;
			sourceTree = "<group>";
		};
		BD9257E0291943F8008A3158 /* Mogakco */ = {
			isa = PBXGroup;
			children = (
				BD9257F5291943FE008A3158 /* Application */,
				BD9257FE2919452E008A3158 /* Core */,
				BD92581929194747008A3158 /* Data */,
				BD234764291A86FC009BC722 /* DesignSystem */,
				BD92581A29194749008A3158 /* Domain */,
				BD9257FC291944FC008A3158 /* Network */,
				BD9257F8291944A3008A3158 /* Presentation */,
				BD9257F62919442A008A3158 /* Resources */,
				BD9257FD29194523008A3158 /* Service */,
				BD9257F729194433008A3158 /* Supports */,
			);
			path = Mogakco;
			sourceTree = "<group>";
		};
		BD9257F5291943FE008A3158 /* Application */ = {
			isa = PBXGroup;
			children = (
				BD9257E1291943F8008A3158 /* AppDelegate.swift */,
				BD9257E3291943F8008A3158 /* SceneDelegate.swift */,
			);
			path = Application;
			sourceTree = "<group>";
		};
		BD9257F62919442A008A3158 /* Resources */ = {
			isa = PBXGroup;
			children = (
				BD92581729194715008A3158 /* Base */,
				BD92580629194624008A3158 /* Colors */,
				BD92580729194628008A3158 /* Fonts */,
				BD9258082919462A008A3158 /* Images */,
			);
			path = Resources;
			sourceTree = "<group>";
		};
		BD9257F729194433008A3158 /* Supports */ = {
			isa = PBXGroup;
			children = (
				BD9257EF291943F9008A3158 /* Info.plist */,
			);
			path = Supports;
			sourceTree = "<group>";
		};
		BD9257F8291944A3008A3158 /* Presentation */ = {
			isa = PBXGroup;
			children = (
				BD392CB7291D39AE008D3EAB /* SignUp */,
				BDE095C8291C1D8F009CB1C0 /* PhoneVerification */,
				BD9258022919456B008A3158 /* Onboarding */,
				BD92580129194567008A3158 /* Splash */,
			);
			path = Presentation;
			sourceTree = "<group>";
		};
		BD9257FC291944FC008A3158 /* Network */ = {
			isa = PBXGroup;
			children = (
				BD92581829194731008A3158 /* Foundation */,
			);
			path = Network;
			sourceTree = "<group>";
		};
		BD9257FD29194523008A3158 /* Service */ = {
			isa = PBXGroup;
			children = (
				BD925823291947A2008A3158 /* .gitkeep */,
			);
			path = Service;
			sourceTree = "<group>";
		};
		BD9257FE2919452E008A3158 /* Core */ = {
			isa = PBXGroup;
			children = (
				BD234776291AA410009BC722 /* Protocol */,
				BD92580C29194682008A3158 /* Base */,
				BD15957B291A3F8C00C552CB /* UIKit+ */,
			);
			path = Core;
			sourceTree = "<group>";
		};
		BD92580129194567008A3158 /* Splash */ = {
			isa = PBXGroup;
			children = (
				BD9258032919459B008A3158 /* View */,
			);
			path = Splash;
			sourceTree = "<group>";
		};
		BD9258022919456B008A3158 /* Onboarding */ = {
			isa = PBXGroup;
			children = (
				BD9258092919465C008A3158 /* View */,
			);
			path = Onboarding;
			sourceTree = "<group>";
		};
		BD9258032919459B008A3158 /* View */ = {
			isa = PBXGroup;
			children = (
				BD925804291945A8008A3158 /* SplashViewController.swift */,
			);
			path = View;
			sourceTree = "<group>";
		};
		BD92580629194624008A3158 /* Colors */ = {
			isa = PBXGroup;
			children = (
				BD925813291946FE008A3158 /* Colors.swift */,
			);
			path = Colors;
			sourceTree = "<group>";
		};
		BD92580729194628008A3158 /* Fonts */ = {
			isa = PBXGroup;
			children = (
				BD23475C291A5F1D009BC722 /* NotoSansCJKkr-Medium.otf */,
				BD23475D291A5F1F009BC722 /* NotoSansCJKkr-Regular.otf */,
				BD234760291A6052009BC722 /* TypoStyle.swift */,
			);
			path = Fonts;
			sourceTree = "<group>";
		};
		BD9258082919462A008A3158 /* Images */ = {
			isa = PBXGroup;
			children = (
				BD92581529194706008A3158 /* Images.swift */,
				BD92580F291946E8008A3158 /* Images.xcassets */,
			);
			path = Images;
			sourceTree = "<group>";
		};
		BD9258092919465C008A3158 /* View */ = {
			isa = PBXGroup;
			children = (
				BD23477B291AA4EF009BC722 /* OnboardingCollectionViewCell.swift */,
				BDE095C6291C1911009CB1C0 /* OnboardingView.swift */,
				BD92580A29194670008A3158 /* OnboardingViewController.swift */,
			);
			path = View;
			sourceTree = "<group>";
		};
		BD92580C29194682008A3158 /* Base */ = {
			isa = PBXGroup;
			children = (
				BD92580D29194691008A3158 /* BaseViewController.swift */,
				BD23476A291A9AEB009BC722 /* BaseView.swift */,
				BD234774291AA3C7009BC722 /* BaseCollectionViewCell.swift */,
			);
			path = Base;
			sourceTree = "<group>";
		};
		BD92581729194715008A3158 /* Base */ = {
			isa = PBXGroup;
			children = (
				BD9257EA291943F9008A3158 /* Assets.xcassets */,
				BD9257EC291943F9008A3158 /* LaunchScreen.storyboard */,
			);
			path = Base;
			sourceTree = "<group>";
		};
		BD92581829194731008A3158 /* Foundation */ = {
			isa = PBXGroup;
			children = (
				BD92581F29194788008A3158 /* .gitkeep */,
			);
			path = Foundation;
			sourceTree = "<group>";
		};
		BD92581929194747008A3158 /* Data */ = {
			isa = PBXGroup;
			children = (
				BD92581B2919476E008A3158 /* .gitkeep */,
			);
			path = Data;
			sourceTree = "<group>";
		};
		BD92581A29194749008A3158 /* Domain */ = {
			isa = PBXGroup;
			children = (
				BDE095C4291C17AB009CB1C0 /* Onboarding.swift */,
			);
			path = Domain;
			sourceTree = "<group>";
		};
		BDE095C8291C1D8F009CB1C0 /* PhoneVerification */ = {
			isa = PBXGroup;
			children = (
				BDE095C9291C1D9F009CB1C0 /* View */,
				BDE095CA291C1DA1009CB1C0 /* ViewModel */,
			);
			path = PhoneVerification;
			sourceTree = "<group>";
		};
		BDE095C9291C1D9F009CB1C0 /* View */ = {
			isa = PBXGroup;
			children = (
				BDE095CD291C1E79009CB1C0 /* PhoneEntryViewController.swift */,
				BDE095CF291C1E92009CB1C0 /* PhoneVerificationViewController.swift */,
			);
			path = View;
			sourceTree = "<group>";
		};
		BDE095CA291C1DA1009CB1C0 /* ViewModel */ = {
			isa = PBXGroup;
			children = (
				BDE095D1291C1EC7009CB1C0 /* PhoneEntryViewModel.swift */,
				BDE095D3291C1ED0009CB1C0 /* PhoneVerificationViewModel.swift */,
			);
			path = ViewModel;
			sourceTree = "<group>";
		};
/* End PBXGroup section */

/* Begin PBXNativeTarget section */
		BD9257DD291943F8008A3158 /* Mogakco */ = {
			isa = PBXNativeTarget;
			buildConfigurationList = BD9257F2291943F9008A3158 /* Build configuration list for PBXNativeTarget "Mogakco" */;
			buildPhases = (
				BD92583029194B38008A3158 /* Run SwiftLint Script */,
				BD9257DA291943F8008A3158 /* Sources */,
				BD9257DB291943F8008A3158 /* Frameworks */,
				BD9257DC291943F8008A3158 /* Resources */,
			);
			buildRules = (
			);
			dependencies = (
			);
			name = Mogakco;
			packageProductDependencies = (
				BD925826291948DF008A3158 /* SnapKit */,
				BD92582929194901008A3158 /* RxCocoa */,
				BD92582B29194901008A3158 /* RxSwift */,
				BD92582E2919491C008A3158 /* Then */,
			);
			productName = Mogakco;
			productReference = BD9257DE291943F8008A3158 /* Mogakco.app */;
			productType = "com.apple.product-type.application";
		};
/* End PBXNativeTarget section */

/* Begin PBXProject section */
		BD9257D6291943F7008A3158 /* Project object */ = {
			isa = PBXProject;
			attributes = {
				BuildIndependentTargetsInParallel = 1;
				LastSwiftUpdateCheck = 1400;
				LastUpgradeCheck = 1400;
				TargetAttributes = {
					BD9257DD291943F8008A3158 = {
						CreatedOnToolsVersion = 14.0.1;
					};
				};
			};
			buildConfigurationList = BD9257D9291943F7008A3158 /* Build configuration list for PBXProject "Mogakco" */;
			compatibilityVersion = "Xcode 14.0";
			developmentRegion = en;
			hasScannedForEncodings = 0;
			knownRegions = (
				en,
				Base,
			);
			mainGroup = BD9257D5291943F7008A3158;
			packageReferences = (
				BD925825291948DF008A3158 /* XCRemoteSwiftPackageReference "SnapKit" */,
				BD92582829194901008A3158 /* XCRemoteSwiftPackageReference "RxSwift" */,
				BD92582D2919491C008A3158 /* XCRemoteSwiftPackageReference "Then" */,
			);
			productRefGroup = BD9257DF291943F8008A3158 /* Products */;
			projectDirPath = "";
			projectRoot = "";
			targets = (
				BD9257DD291943F8008A3158 /* Mogakco */,
			);
		};
/* End PBXProject section */

/* Begin PBXResourcesBuildPhase section */
		BD9257DC291943F8008A3158 /* Resources */ = {
			isa = PBXResourcesBuildPhase;
			buildActionMask = 2147483647;
			files = (
				BD92583229194BC8008A3158 /* .swiftlint.yml in Resources */,
				BD23475F291A5F1F009BC722 /* NotoSansCJKkr-Regular.otf in Resources */,
				BD925810291946E8008A3158 /* Images.xcassets in Resources */,
				BD9257EE291943F9008A3158 /* LaunchScreen.storyboard in Resources */,
				BD9257EB291943F9008A3158 /* Assets.xcassets in Resources */,
				BD23475E291A5F1F009BC722 /* NotoSansCJKkr-Medium.otf in Resources */,
			);
			runOnlyForDeploymentPostprocessing = 0;
		};
/* End PBXResourcesBuildPhase section */

/* Begin PBXShellScriptBuildPhase section */
		BD92583029194B38008A3158 /* Run SwiftLint Script */ = {
			isa = PBXShellScriptBuildPhase;
			alwaysOutOfDate = 1;
			buildActionMask = 2147483647;
			files = (
			);
			inputFileListPaths = (
			);
			inputPaths = (
			);
			name = "Run SwiftLint Script";
			outputFileListPaths = (
			);
			outputPaths = (
			);
			runOnlyForDeploymentPostprocessing = 0;
			shellPath = /bin/sh;
			shellScript = "export PATH=\"$PATH:/opt/homebrew/bin\"\n\nif which swiftlint > /dev/null; then\n  swiftlint\nelse\n  echo \"warning: SwiftLint not installed, download from https://github.com/realm/SwiftLint\"\nfi\n";
		};
/* End PBXShellScriptBuildPhase section */

/* Begin PBXSourcesBuildPhase section */
		BD9257DA291943F8008A3158 /* Sources */ = {
			isa = PBXSourcesBuildPhase;
			buildActionMask = 2147483647;
			files = (
				BD234763291A771A009BC722 /* UILabel+Extension.swift in Sources */,
				BD92581629194706008A3158 /* Images.swift in Sources */,
				BDE095C5291C17AB009CB1C0 /* Onboarding.swift in Sources */,
				BD92580E29194691008A3158 /* BaseViewController.swift in Sources */,
				BD925814291946FE008A3158 /* Colors.swift in Sources */,
				BD925805291945A8008A3158 /* SplashViewController.swift in Sources */,
				BDE095C7291C1911009CB1C0 /* OnboardingView.swift in Sources */,
				BDE095CE291C1E79009CB1C0 /* PhoneEntryViewController.swift in Sources */,
				BD392CB2291D3990008D3EAB /* NicknameViewController.swift in Sources */,
				BD234775291AA3C7009BC722 /* BaseCollectionViewCell.swift in Sources */,
				BD392CBC291D39EC008D3EAB /* GenderViewController.swift in Sources */,
				BD9257E2291943F8008A3158 /* AppDelegate.swift in Sources */,
				BD392CAE291D304A008D3EAB /* UITextField+Extension.swift in Sources */,
				BDE095D0291C1E92009CB1C0 /* PhoneVerificationViewController.swift in Sources */,
				BDE095D2291C1EC7009CB1C0 /* PhoneEntryViewModel.swift in Sources */,
				BD234761291A6052009BC722 /* TypoStyle.swift in Sources */,
				BD23477A291AA451009BC722 /* UICollectionView+Extension.swift in Sources */,
				BD234770291A9B8A009BC722 /* SSButtonStyle.swift in Sources */,
				BD15957F291A3FAE00C552CB /* Adjusted+Extension.swift in Sources */,
				BDE095D4291C1ED0009CB1C0 /* PhoneVerificationViewModel.swift in Sources */,
				BD392CBA291D39DD008D3EAB /* EmailViewController.swift in Sources */,
				BD9257E4291943F8008A3158 /* SceneDelegate.swift in Sources */,
				BD392CB6291D39A5008D3EAB /* BirthViewController.swift in Sources */,
				BD234778291AA418009BC722 /* Reusable.swift in Sources */,
				BD23476B291A9AEB009BC722 /* BaseView.swift in Sources */,
				BD92580B29194670008A3158 /* OnboardingViewController.swift in Sources */,
				BD23477F291BB48A009BC722 /* UIFont+Extension.swift in Sources */,
				BD23476E291A9B41009BC722 /* SSButton.swift in Sources */,
				BD23477C291AA4EF009BC722 /* OnboardingCollectionViewCell.swift in Sources */,
			);
			runOnlyForDeploymentPostprocessing = 0;
		};
/* End PBXSourcesBuildPhase section */

/* Begin PBXVariantGroup section */
		BD9257EC291943F9008A3158 /* LaunchScreen.storyboard */ = {
			isa = PBXVariantGroup;
			children = (
				BD9257ED291943F9008A3158 /* Base */,
			);
			name = LaunchScreen.storyboard;
			sourceTree = "<group>";
		};
/* End PBXVariantGroup section */

/* Begin XCBuildConfiguration section */
		BD9257F0291943F9008A3158 /* Debug */ = {
			isa = XCBuildConfiguration;
			buildSettings = {
				ALWAYS_SEARCH_USER_PATHS = NO;
				CLANG_ANALYZER_NONNULL = YES;
				CLANG_ANALYZER_NUMBER_OBJECT_CONVERSION = YES_AGGRESSIVE;
				CLANG_CXX_LANGUAGE_STANDARD = "gnu++20";
				CLANG_ENABLE_MODULES = YES;
				CLANG_ENABLE_OBJC_ARC = YES;
				CLANG_ENABLE_OBJC_WEAK = YES;
				CLANG_WARN_BLOCK_CAPTURE_AUTORELEASING = YES;
				CLANG_WARN_BOOL_CONVERSION = YES;
				CLANG_WARN_COMMA = YES;
				CLANG_WARN_CONSTANT_CONVERSION = YES;
				CLANG_WARN_DEPRECATED_OBJC_IMPLEMENTATIONS = YES;
				CLANG_WARN_DIRECT_OBJC_ISA_USAGE = YES_ERROR;
				CLANG_WARN_DOCUMENTATION_COMMENTS = YES;
				CLANG_WARN_EMPTY_BODY = YES;
				CLANG_WARN_ENUM_CONVERSION = YES;
				CLANG_WARN_INFINITE_RECURSION = YES;
				CLANG_WARN_INT_CONVERSION = YES;
				CLANG_WARN_NON_LITERAL_NULL_CONVERSION = YES;
				CLANG_WARN_OBJC_IMPLICIT_RETAIN_SELF = YES;
				CLANG_WARN_OBJC_LITERAL_CONVERSION = YES;
				CLANG_WARN_OBJC_ROOT_CLASS = YES_ERROR;
				CLANG_WARN_QUOTED_INCLUDE_IN_FRAMEWORK_HEADER = YES;
				CLANG_WARN_RANGE_LOOP_ANALYSIS = YES;
				CLANG_WARN_STRICT_PROTOTYPES = YES;
				CLANG_WARN_SUSPICIOUS_MOVE = YES;
				CLANG_WARN_UNGUARDED_AVAILABILITY = YES_AGGRESSIVE;
				CLANG_WARN_UNREACHABLE_CODE = YES;
				CLANG_WARN__DUPLICATE_METHOD_MATCH = YES;
				COPY_PHASE_STRIP = NO;
				DEBUG_INFORMATION_FORMAT = dwarf;
				ENABLE_STRICT_OBJC_MSGSEND = YES;
				ENABLE_TESTABILITY = YES;
				GCC_C_LANGUAGE_STANDARD = gnu11;
				GCC_DYNAMIC_NO_PIC = NO;
				GCC_NO_COMMON_BLOCKS = YES;
				GCC_OPTIMIZATION_LEVEL = 0;
				GCC_PREPROCESSOR_DEFINITIONS = (
					"DEBUG=1",
					"$(inherited)",
				);
				GCC_WARN_64_TO_32_BIT_CONVERSION = YES;
				GCC_WARN_ABOUT_RETURN_TYPE = YES_ERROR;
				GCC_WARN_UNDECLARED_SELECTOR = YES;
				GCC_WARN_UNINITIALIZED_AUTOS = YES_AGGRESSIVE;
				GCC_WARN_UNUSED_FUNCTION = YES;
				GCC_WARN_UNUSED_VARIABLE = YES;
				IPHONEOS_DEPLOYMENT_TARGET = 15.0;
				MTL_ENABLE_DEBUG_INFO = INCLUDE_SOURCE;
				MTL_FAST_MATH = YES;
				ONLY_ACTIVE_ARCH = YES;
				SDKROOT = iphoneos;
				SWIFT_ACTIVE_COMPILATION_CONDITIONS = DEBUG;
				SWIFT_OPTIMIZATION_LEVEL = "-Onone";
			};
			name = Debug;
		};
		BD9257F1291943F9008A3158 /* Release */ = {
			isa = XCBuildConfiguration;
			buildSettings = {
				ALWAYS_SEARCH_USER_PATHS = NO;
				CLANG_ANALYZER_NONNULL = YES;
				CLANG_ANALYZER_NUMBER_OBJECT_CONVERSION = YES_AGGRESSIVE;
				CLANG_CXX_LANGUAGE_STANDARD = "gnu++20";
				CLANG_ENABLE_MODULES = YES;
				CLANG_ENABLE_OBJC_ARC = YES;
				CLANG_ENABLE_OBJC_WEAK = YES;
				CLANG_WARN_BLOCK_CAPTURE_AUTORELEASING = YES;
				CLANG_WARN_BOOL_CONVERSION = YES;
				CLANG_WARN_COMMA = YES;
				CLANG_WARN_CONSTANT_CONVERSION = YES;
				CLANG_WARN_DEPRECATED_OBJC_IMPLEMENTATIONS = YES;
				CLANG_WARN_DIRECT_OBJC_ISA_USAGE = YES_ERROR;
				CLANG_WARN_DOCUMENTATION_COMMENTS = YES;
				CLANG_WARN_EMPTY_BODY = YES;
				CLANG_WARN_ENUM_CONVERSION = YES;
				CLANG_WARN_INFINITE_RECURSION = YES;
				CLANG_WARN_INT_CONVERSION = YES;
				CLANG_WARN_NON_LITERAL_NULL_CONVERSION = YES;
				CLANG_WARN_OBJC_IMPLICIT_RETAIN_SELF = YES;
				CLANG_WARN_OBJC_LITERAL_CONVERSION = YES;
				CLANG_WARN_OBJC_ROOT_CLASS = YES_ERROR;
				CLANG_WARN_QUOTED_INCLUDE_IN_FRAMEWORK_HEADER = YES;
				CLANG_WARN_RANGE_LOOP_ANALYSIS = YES;
				CLANG_WARN_STRICT_PROTOTYPES = YES;
				CLANG_WARN_SUSPICIOUS_MOVE = YES;
				CLANG_WARN_UNGUARDED_AVAILABILITY = YES_AGGRESSIVE;
				CLANG_WARN_UNREACHABLE_CODE = YES;
				CLANG_WARN__DUPLICATE_METHOD_MATCH = YES;
				COPY_PHASE_STRIP = NO;
				DEBUG_INFORMATION_FORMAT = "dwarf-with-dsym";
				ENABLE_NS_ASSERTIONS = NO;
				ENABLE_STRICT_OBJC_MSGSEND = YES;
				GCC_C_LANGUAGE_STANDARD = gnu11;
				GCC_NO_COMMON_BLOCKS = YES;
				GCC_WARN_64_TO_32_BIT_CONVERSION = YES;
				GCC_WARN_ABOUT_RETURN_TYPE = YES_ERROR;
				GCC_WARN_UNDECLARED_SELECTOR = YES;
				GCC_WARN_UNINITIALIZED_AUTOS = YES_AGGRESSIVE;
				GCC_WARN_UNUSED_FUNCTION = YES;
				GCC_WARN_UNUSED_VARIABLE = YES;
				IPHONEOS_DEPLOYMENT_TARGET = 15.0;
				MTL_ENABLE_DEBUG_INFO = NO;
				MTL_FAST_MATH = YES;
				SDKROOT = iphoneos;
				SWIFT_COMPILATION_MODE = wholemodule;
				SWIFT_OPTIMIZATION_LEVEL = "-O";
				VALIDATE_PRODUCT = YES;
			};
			name = Release;
		};
		BD9257F3291943F9008A3158 /* Debug */ = {
			isa = XCBuildConfiguration;
			buildSettings = {
				ASSETCATALOG_COMPILER_APPICON_NAME = AppIcon;
				ASSETCATALOG_COMPILER_GLOBAL_ACCENT_COLOR_NAME = AccentColor;
				CODE_SIGN_STYLE = Automatic;
				CURRENT_PROJECT_VERSION = 1;
				DEVELOPMENT_TEAM = W7P3R7ZL78;
				GENERATE_INFOPLIST_FILE = YES;
				INFOPLIST_FILE = Mogakco/Supports/Info.plist;
				INFOPLIST_KEY_UIApplicationSupportsIndirectInputEvents = YES;
				INFOPLIST_KEY_UILaunchStoryboardName = LaunchScreen;
				INFOPLIST_KEY_UISupportedInterfaceOrientations = UIInterfaceOrientationPortrait;
				INFOPLIST_KEY_UISupportedInterfaceOrientations_iPad = "UIInterfaceOrientationLandscapeLeft UIInterfaceOrientationLandscapeRight UIInterfaceOrientationPortrait UIInterfaceOrientationPortraitUpsideDown";
				LD_RUNPATH_SEARCH_PATHS = (
					"$(inherited)",
					"@executable_path/Frameworks",
				);
				MARKETING_VERSION = 1.0;
				PRODUCT_BUNDLE_IDENTIFIER = com.taekki.Mogakco;
				PRODUCT_NAME = "$(TARGET_NAME)";
				SWIFT_EMIT_LOC_STRINGS = YES;
				SWIFT_VERSION = 5.0;
				TARGETED_DEVICE_FAMILY = "1,2";
			};
			name = Debug;
		};
		BD9257F4291943F9008A3158 /* Release */ = {
			isa = XCBuildConfiguration;
			buildSettings = {
				ASSETCATALOG_COMPILER_APPICON_NAME = AppIcon;
				ASSETCATALOG_COMPILER_GLOBAL_ACCENT_COLOR_NAME = AccentColor;
				CODE_SIGN_STYLE = Automatic;
				CURRENT_PROJECT_VERSION = 1;
				DEVELOPMENT_TEAM = W7P3R7ZL78;
				GENERATE_INFOPLIST_FILE = YES;
				INFOPLIST_FILE = Mogakco/Supports/Info.plist;
				INFOPLIST_KEY_UIApplicationSupportsIndirectInputEvents = YES;
				INFOPLIST_KEY_UILaunchStoryboardName = LaunchScreen;
				INFOPLIST_KEY_UISupportedInterfaceOrientations = UIInterfaceOrientationPortrait;
				INFOPLIST_KEY_UISupportedInterfaceOrientations_iPad = "UIInterfaceOrientationLandscapeLeft UIInterfaceOrientationLandscapeRight UIInterfaceOrientationPortrait UIInterfaceOrientationPortraitUpsideDown";
				LD_RUNPATH_SEARCH_PATHS = (
					"$(inherited)",
					"@executable_path/Frameworks",
				);
				MARKETING_VERSION = 1.0;
				PRODUCT_BUNDLE_IDENTIFIER = com.taekki.Mogakco;
				PRODUCT_NAME = "$(TARGET_NAME)";
				SWIFT_EMIT_LOC_STRINGS = YES;
				SWIFT_VERSION = 5.0;
				TARGETED_DEVICE_FAMILY = "1,2";
			};
			name = Release;
		};
/* End XCBuildConfiguration section */

/* Begin XCConfigurationList section */
		BD9257D9291943F7008A3158 /* Build configuration list for PBXProject "Mogakco" */ = {
			isa = XCConfigurationList;
			buildConfigurations = (
				BD9257F0291943F9008A3158 /* Debug */,
				BD9257F1291943F9008A3158 /* Release */,
			);
			defaultConfigurationIsVisible = 0;
			defaultConfigurationName = Release;
		};
		BD9257F2291943F9008A3158 /* Build configuration list for PBXNativeTarget "Mogakco" */ = {
			isa = XCConfigurationList;
			buildConfigurations = (
				BD9257F3291943F9008A3158 /* Debug */,
				BD9257F4291943F9008A3158 /* Release */,
			);
			defaultConfigurationIsVisible = 0;
			defaultConfigurationName = Release;
		};
/* End XCConfigurationList section */

/* Begin XCRemoteSwiftPackageReference section */
		BD925825291948DF008A3158 /* XCRemoteSwiftPackageReference "SnapKit" */ = {
			isa = XCRemoteSwiftPackageReference;
			repositoryURL = "https://github.com/SnapKit/SnapKit.git";
			requirement = {
				kind = upToNextMajorVersion;
				minimumVersion = 5.0.0;
			};
		};
		BD92582829194901008A3158 /* XCRemoteSwiftPackageReference "RxSwift" */ = {
			isa = XCRemoteSwiftPackageReference;
			repositoryURL = "https://github.com/ReactiveX/RxSwift.git";
			requirement = {
				kind = upToNextMajorVersion;
				minimumVersion = 6.0.0;
			};
		};
		BD92582D2919491C008A3158 /* XCRemoteSwiftPackageReference "Then" */ = {
			isa = XCRemoteSwiftPackageReference;
			repositoryURL = "https://github.com/devxoul/Then.git";
			requirement = {
				kind = upToNextMajorVersion;
				minimumVersion = 3.0.0;
			};
		};
/* End XCRemoteSwiftPackageReference section */

/* Begin XCSwiftPackageProductDependency section */
		BD925826291948DF008A3158 /* SnapKit */ = {
			isa = XCSwiftPackageProductDependency;
			package = BD925825291948DF008A3158 /* XCRemoteSwiftPackageReference "SnapKit" */;
			productName = SnapKit;
		};
		BD92582929194901008A3158 /* RxCocoa */ = {
			isa = XCSwiftPackageProductDependency;
			package = BD92582829194901008A3158 /* XCRemoteSwiftPackageReference "RxSwift" */;
			productName = RxCocoa;
		};
		BD92582B29194901008A3158 /* RxSwift */ = {
			isa = XCSwiftPackageProductDependency;
			package = BD92582829194901008A3158 /* XCRemoteSwiftPackageReference "RxSwift" */;
			productName = RxSwift;
		};
		BD92582E2919491C008A3158 /* Then */ = {
			isa = XCSwiftPackageProductDependency;
			package = BD92582D2919491C008A3158 /* XCRemoteSwiftPackageReference "Then" */;
			productName = Then;
		};
/* End XCSwiftPackageProductDependency section */
	};
	rootObject = BD9257D6291943F7008A3158 /* Project object */;
}
