// !$*UTF8*$!
{
	archiveVersion = 1;
	classes = {
	};
	objectVersion = 56;
	objects = {

/* Begin PBXBuildFile section */
		BD15957F291A3FAE00C552CB /* Adjusted+Extension.swift in Sources */ = {isa = PBXBuildFile; fileRef = BD15957E291A3FAE00C552CB /* Adjusted+Extension.swift */; };
		BD23475E291A5F1F009BC722 /* NotoSansCJKkr-Medium.otf in Resources */ = {isa = PBXBuildFile; fileRef = BD23475C291A5F1D009BC722 /* NotoSansCJKkr-Medium.otf */; };
		BD23475F291A5F1F009BC722 /* NotoSansCJKkr-Regular.otf in Resources */ = {isa = PBXBuildFile; fileRef = BD23475D291A5F1F009BC722 /* NotoSansCJKkr-Regular.otf */; };
		BD234761291A6052009BC722 /* TypoStyle.swift in Sources */ = {isa = PBXBuildFile; fileRef = BD234760291A6052009BC722 /* TypoStyle.swift */; };
		BD234763291A771A009BC722 /* UILabel+Extension.swift in Sources */ = {isa = PBXBuildFile; fileRef = BD234762291A771A009BC722 /* UILabel+Extension.swift */; };
		BD23476B291A9AEB009BC722 /* BaseView.swift in Sources */ = {isa = PBXBuildFile; fileRef = BD23476A291A9AEB009BC722 /* BaseView.swift */; };
		BD23476E291A9B41009BC722 /* MGCButton.swift in Sources */ = {isa = PBXBuildFile; fileRef = BD23476D291A9B41009BC722 /* MGCButton.swift */; };
		BD234770291A9B8A009BC722 /* MGCButtonStyle.swift in Sources */ = {isa = PBXBuildFile; fileRef = BD23476F291A9B8A009BC722 /* MGCButtonStyle.swift */; };
		BD234775291AA3C7009BC722 /* BaseCollectionViewCell.swift in Sources */ = {isa = PBXBuildFile; fileRef = BD234774291AA3C7009BC722 /* BaseCollectionViewCell.swift */; };
		BD234778291AA418009BC722 /* Reusable.swift in Sources */ = {isa = PBXBuildFile; fileRef = BD234777291AA418009BC722 /* Reusable.swift */; };
		BD23477A291AA451009BC722 /* UICollectionView+Extension.swift in Sources */ = {isa = PBXBuildFile; fileRef = BD234779291AA451009BC722 /* UICollectionView+Extension.swift */; };
		BD23477C291AA4EF009BC722 /* OnboardingCollectionViewCell.swift in Sources */ = {isa = PBXBuildFile; fileRef = BD23477B291AA4EF009BC722 /* OnboardingCollectionViewCell.swift */; };
		BD23477F291BB48A009BC722 /* UIFont+Extension.swift in Sources */ = {isa = PBXBuildFile; fileRef = BD23477E291BB48A009BC722 /* UIFont+Extension.swift */; };
		BD347C44292F61EB009F52BA /* MapView.swift in Sources */ = {isa = PBXBuildFile; fileRef = BD347C43292F61EB009F52BA /* MapView.swift */; };
		BD347C46292F61F3009F52BA /* MapViewController.swift in Sources */ = {isa = PBXBuildFile; fileRef = BD347C45292F61F3009F52BA /* MapViewController.swift */; };
		BD347C49292F61FF009F52BA /* MapViewModel.swift in Sources */ = {isa = PBXBuildFile; fileRef = BD347C48292F61FF009F52BA /* MapViewModel.swift */; };
		BD347C4C292F6D43009F52BA /* LocationManager.swift in Sources */ = {isa = PBXBuildFile; fileRef = BD347C4B292F6D43009F52BA /* LocationManager.swift */; };
		BD347C4E292F7213009F52BA /* MapManager.swift in Sources */ = {isa = PBXBuildFile; fileRef = BD347C4D292F7213009F52BA /* MapManager.swift */; };
		BD347C55292FC13B009F52BA /* GenderFilterView.swift in Sources */ = {isa = PBXBuildFile; fileRef = BD347C54292FC13B009F52BA /* GenderFilterView.swift */; };
		BD38827E292372B5000F971D /* FirbaseTokenError.swift in Sources */ = {isa = PBXBuildFile; fileRef = BD38827D292372B5000F971D /* FirbaseTokenError.swift */; };
		BD38828029237316000F971D /* MGCError.swift in Sources */ = {isa = PBXBuildFile; fileRef = BD38827F29237316000F971D /* MGCError.swift */; };
		BD388282292374A9000F971D /* MGCNetworkError.swift in Sources */ = {isa = PBXBuildFile; fileRef = BD388281292374A9000F971D /* MGCNetworkError.swift */; };
		BD38828429237562000F971D /* MGCHTTPError.swift in Sources */ = {isa = PBXBuildFile; fileRef = BD38828329237562000F971D /* MGCHTTPError.swift */; };
		BD392CAE291D304A008D3EAB /* UITextField+Extension.swift in Sources */ = {isa = PBXBuildFile; fileRef = BD392CAD291D304A008D3EAB /* UITextField+Extension.swift */; };
		BD392CB2291D3990008D3EAB /* NicknameViewController.swift in Sources */ = {isa = PBXBuildFile; fileRef = BD392CB1291D3990008D3EAB /* NicknameViewController.swift */; };
		BD392CB6291D39A5008D3EAB /* BirthViewController.swift in Sources */ = {isa = PBXBuildFile; fileRef = BD392CB5291D39A5008D3EAB /* BirthViewController.swift */; };
		BD392CBA291D39DD008D3EAB /* EmailViewController.swift in Sources */ = {isa = PBXBuildFile; fileRef = BD392CB9291D39DD008D3EAB /* EmailViewController.swift */; };
		BD392CBC291D39EC008D3EAB /* GenderViewController.swift in Sources */ = {isa = PBXBuildFile; fileRef = BD392CBB291D39EC008D3EAB /* GenderViewController.swift */; };
		BD392CBF291D49DA008D3EAB /* GenderInputView.swift in Sources */ = {isa = PBXBuildFile; fileRef = BD392CBE291D49DA008D3EAB /* GenderInputView.swift */; };
		BD392CC1291D4A61008D3EAB /* UIView+Extension.swift in Sources */ = {isa = PBXBuildFile; fileRef = BD392CC0291D4A61008D3EAB /* UIView+Extension.swift */; };
		BD392CC3291D4AAC008D3EAB /* UIStackView+Extension.swift in Sources */ = {isa = PBXBuildFile; fileRef = BD392CC2291D4AAC008D3EAB /* UIStackView+Extension.swift */; };
		BD3C647E291FE3D1005E7142 /* NetworkMonitor.swift in Sources */ = {isa = PBXBuildFile; fileRef = BD3C647D291FE3D1005E7142 /* NetworkMonitor.swift */; };
		BD3C6482291FEFF3005E7142 /* UserResponseDTO.swift in Sources */ = {isa = PBXBuildFile; fileRef = BD3C6481291FEFF3005E7142 /* UserResponseDTO.swift */; };
		BD3C6485291FF0C3005E7142 /* User.swift in Sources */ = {isa = PBXBuildFile; fileRef = BD3C6484291FF0C3005E7142 /* User.swift */; };
		BD4B5513292A8A0C00ECFD04 /* RxDataSources in Frameworks */ = {isa = PBXBuildFile; productRef = BD4B5512292A8A0C00ECFD04 /* RxDataSources */; };
		BD4B5517292A8A6D00ECFD04 /* MyProfileViewController.swift in Sources */ = {isa = PBXBuildFile; fileRef = BD4B5516292A8A6D00ECFD04 /* MyProfileViewController.swift */; };
		BD4B5519292A8B3C00ECFD04 /* MyProfileItemCell.swift in Sources */ = {isa = PBXBuildFile; fileRef = BD4B5518292A8B3C00ECFD04 /* MyProfileItemCell.swift */; };
		BD4B551C292A91E000ECFD04 /* MyProfileViewSection.swift in Sources */ = {isa = PBXBuildFile; fileRef = BD4B551B292A91E000ECFD04 /* MyProfileViewSection.swift */; };
		BD4B551F292B184300ECFD04 /* MyProfileItemCellViewModel.swift in Sources */ = {isa = PBXBuildFile; fileRef = BD4B551E292B184300ECFD04 /* MyProfileItemCellViewModel.swift */; };
		BD4B5521292B1D9B00ECFD04 /* MyProfileViewModel.swift in Sources */ = {isa = PBXBuildFile; fileRef = BD4B5520292B1D9B00ECFD04 /* MyProfileViewModel.swift */; };
		BD4E1CE72933CDFD00BF40BF /* StopQueueAPI.swift in Sources */ = {isa = PBXBuildFile; fileRef = BD4E1CE62933CDFD00BF40BF /* StopQueueAPI.swift */; };
		BD4E1CE92933CEBD00BF40BF /* MyQueueStateAPI.swift in Sources */ = {isa = PBXBuildFile; fileRef = BD4E1CE82933CEBD00BF40BF /* MyQueueStateAPI.swift */; };
		BD4E1CEC2933CF0800BF40BF /* QueueStateDTO.swift in Sources */ = {isa = PBXBuildFile; fileRef = BD4E1CEB2933CF0800BF40BF /* QueueStateDTO.swift */; };
		BD4E1CEE2933CFA500BF40BF /* StudyRequestAPI.swift in Sources */ = {isa = PBXBuildFile; fileRef = BD4E1CED2933CFA500BF40BF /* StudyRequestAPI.swift */; };
		BD4E1CF02933D01F00BF40BF /* StudyAcceptAPI.swift in Sources */ = {isa = PBXBuildFile; fileRef = BD4E1CEF2933D01F00BF40BF /* StudyAcceptAPI.swift */; };
		BD4E1CF22933D05600BF40BF /* StudyDodgeAPI.swift in Sources */ = {isa = PBXBuildFile; fileRef = BD4E1CF12933D05600BF40BF /* StudyDodgeAPI.swift */; };
		BD4E1CF42933D0A100BF40BF /* ReviewAPI.swift in Sources */ = {isa = PBXBuildFile; fileRef = BD4E1CF32933D0A100BF40BF /* ReviewAPI.swift */; };
		BD523765291DFC0A004EE2B6 /* UserDefaultsManager.swift in Sources */ = {isa = PBXBuildFile; fileRef = BD523764291DFC0A004EE2B6 /* UserDefaultsManager.swift */; };
		BD52376D291E5024004EE2B6 /* NetworkError.swift in Sources */ = {isa = PBXBuildFile; fileRef = BD52376C291E5024004EE2B6 /* NetworkError.swift */; };
		BD523773291E5277004EE2B6 /* HTTPMethod.swift in Sources */ = {isa = PBXBuildFile; fileRef = BD523772291E5277004EE2B6 /* HTTPMethod.swift */; };
		BD523777291E537B004EE2B6 /* Environment.swift in Sources */ = {isa = PBXBuildFile; fileRef = BD523776291E537B004EE2B6 /* Environment.swift */; };
		BD52377F291E591A004EE2B6 /* Encodable+toDictionary.swift in Sources */ = {isa = PBXBuildFile; fileRef = BD52377E291E591A004EE2B6 /* Encodable+toDictionary.swift */; };
		BD52378A291E5C97004EE2B6 /* EmptyResponse.swift in Sources */ = {isa = PBXBuildFile; fileRef = BD523789291E5C97004EE2B6 /* EmptyResponse.swift */; };
		BD52378C291E5E66004EE2B6 /* GoogleService-Info.plist in Resources */ = {isa = PBXBuildFile; fileRef = BD52378B291E5E66004EE2B6 /* GoogleService-Info.plist */; };
		BD82EA382934BF7800A8FB1C /* Pager.swift in Sources */ = {isa = PBXBuildFile; fileRef = BD82EA372934BF7800A8FB1C /* Pager.swift */; };
		BD82EA3C2934C66900A8FB1C /* MatchViewController.swift in Sources */ = {isa = PBXBuildFile; fileRef = BD82EA3B2934C66900A8FB1C /* MatchViewController.swift */; };
		BD82EA3E2934C6B800A8FB1C /* StudyRequestViewController.swift in Sources */ = {isa = PBXBuildFile; fileRef = BD82EA3D2934C6B800A8FB1C /* StudyRequestViewController.swift */; };
		BD82EA402934C6C200A8FB1C /* StudyAcceptViewController.swift in Sources */ = {isa = PBXBuildFile; fileRef = BD82EA3F2934C6C200A8FB1C /* StudyAcceptViewController.swift */; };
		BD8E98B02922774600133840 /* PreviewProvider.swift in Sources */ = {isa = PBXBuildFile; fileRef = BD8E98AF2922774600133840 /* PreviewProvider.swift */; };
		BD8E98B22922776E00133840 /* Device.swift in Sources */ = {isa = PBXBuildFile; fileRef = BD8E98B12922776E00133840 /* Device.swift */; };
		BD8E98BB2922BCCA00133840 /* SnapKit in Frameworks */ = {isa = PBXBuildFile; productRef = BD8E98BA2922BCCA00133840 /* SnapKit */; };
		BD8E98BE2922BCD500133840 /* Then in Frameworks */ = {isa = PBXBuildFile; productRef = BD8E98BD2922BCD500133840 /* Then */; };
		BD8E98C12922BD7C00133840 /* FirebaseAuth in Frameworks */ = {isa = PBXBuildFile; productRef = BD8E98C02922BD7C00133840 /* FirebaseAuth */; };
		BD8E98C32922BD7C00133840 /* FirebaseMessaging in Frameworks */ = {isa = PBXBuildFile; productRef = BD8E98C22922BD7C00133840 /* FirebaseMessaging */; };
		BD8E98CB2922BE0700133840 /* Toast in Frameworks */ = {isa = PBXBuildFile; productRef = BD8E98CA2922BE0700133840 /* Toast */; };
		BD8E98CF2922C27F00133840 /* SignUpRequestDTO.swift in Sources */ = {isa = PBXBuildFile; fileRef = BD8E98CE2922C27F00133840 /* SignUpRequestDTO.swift */; };
		BD9257E2291943F8008A3158 /* AppDelegate.swift in Sources */ = {isa = PBXBuildFile; fileRef = BD9257E1291943F8008A3158 /* AppDelegate.swift */; };
		BD9257E4291943F8008A3158 /* SceneDelegate.swift in Sources */ = {isa = PBXBuildFile; fileRef = BD9257E3291943F8008A3158 /* SceneDelegate.swift */; };
		BD9257EB291943F9008A3158 /* Assets.xcassets in Resources */ = {isa = PBXBuildFile; fileRef = BD9257EA291943F9008A3158 /* Assets.xcassets */; };
		BD9257EE291943F9008A3158 /* LaunchScreen.storyboard in Resources */ = {isa = PBXBuildFile; fileRef = BD9257EC291943F9008A3158 /* LaunchScreen.storyboard */; };
		BD925805291945A8008A3158 /* SplashViewController.swift in Sources */ = {isa = PBXBuildFile; fileRef = BD925804291945A8008A3158 /* SplashViewController.swift */; };
		BD92580B29194670008A3158 /* OnboardingViewController.swift in Sources */ = {isa = PBXBuildFile; fileRef = BD92580A29194670008A3158 /* OnboardingViewController.swift */; };
		BD92580E29194691008A3158 /* BaseViewController.swift in Sources */ = {isa = PBXBuildFile; fileRef = BD92580D29194691008A3158 /* BaseViewController.swift */; };
		BD925810291946E8008A3158 /* Images.xcassets in Resources */ = {isa = PBXBuildFile; fileRef = BD92580F291946E8008A3158 /* Images.xcassets */; };
		BD925814291946FE008A3158 /* Colors.swift in Sources */ = {isa = PBXBuildFile; fileRef = BD925813291946FE008A3158 /* Colors.swift */; };
		BD92581629194706008A3158 /* Images.swift in Sources */ = {isa = PBXBuildFile; fileRef = BD92581529194706008A3158 /* Images.swift */; };
		BD92583229194BC8008A3158 /* .swiftlint.yml in Resources */ = {isa = PBXBuildFile; fileRef = BD92583129194BC8008A3158 /* .swiftlint.yml */; };
		BDA41066292BDFB60053FF3B /* HTTPError.swift in Sources */ = {isa = PBXBuildFile; fileRef = BDA41065292BDFB60053FF3B /* HTTPError.swift */; };
		BDA41069292BF6330053FF3B /* FindQueueAPI.swift in Sources */ = {isa = PBXBuildFile; fileRef = BDA41068292BF6330053FF3B /* FindQueueAPI.swift */; };
		BDC06B11291E70C7000C4A6A /* ViewModelType.swift in Sources */ = {isa = PBXBuildFile; fileRef = BDC06B10291E70C7000C4A6A /* ViewModelType.swift */; };
		BDC06B13291E763F000C4A6A /* Bindable.swift in Sources */ = {isa = PBXBuildFile; fileRef = BDC06B12291E763F000C4A6A /* Bindable.swift */; };
		BDC06B16291EA718000C4A6A /* String+.swift in Sources */ = {isa = PBXBuildFile; fileRef = BDC06B15291EA718000C4A6A /* String+.swift */; };
		BDC06B1A291EC66E000C4A6A /* FirebaseAuthRepository.swift in Sources */ = {isa = PBXBuildFile; fileRef = BDC06B19291EC66E000C4A6A /* FirebaseAuthRepository.swift */; };
		BDC06B1C291EC750000C4A6A /* FirebaseAuthRepositoryImpl.swift in Sources */ = {isa = PBXBuildFile; fileRef = BDC06B1B291EC750000C4A6A /* FirebaseAuthRepositoryImpl.swift */; };
		BDC50EC129288D34002378C6 /* SignInAPI.swift in Sources */ = {isa = PBXBuildFile; fileRef = BDC50EC029288D34002378C6 /* SignInAPI.swift */; };
		BDC50EC329289126002378C6 /* SignUpAPI.swift in Sources */ = {isa = PBXBuildFile; fileRef = BDC50EC229289126002378C6 /* SignUpAPI.swift */; };
		BDC50EC629289452002378C6 /* WithdrawAPI.swift in Sources */ = {isa = PBXBuildFile; fileRef = BDC50EC529289452002378C6 /* WithdrawAPI.swift */; };
		BDC50EC9292929C1002378C6 /* MyPageAPI.swift in Sources */ = {isa = PBXBuildFile; fileRef = BDC50EC8292929C1002378C6 /* MyPageAPI.swift */; };
		BDE095C5291C17AB009CB1C0 /* Onboarding.swift in Sources */ = {isa = PBXBuildFile; fileRef = BDE095C4291C17AB009CB1C0 /* Onboarding.swift */; };
		BDE095C7291C1911009CB1C0 /* OnboardingView.swift in Sources */ = {isa = PBXBuildFile; fileRef = BDE095C6291C1911009CB1C0 /* OnboardingView.swift */; };
		BDE095CE291C1E79009CB1C0 /* PhoneEntryViewController.swift in Sources */ = {isa = PBXBuildFile; fileRef = BDE095CD291C1E79009CB1C0 /* PhoneEntryViewController.swift */; };
		BDE095D0291C1E92009CB1C0 /* PhoneVerificationViewController.swift in Sources */ = {isa = PBXBuildFile; fileRef = BDE095CF291C1E92009CB1C0 /* PhoneVerificationViewController.swift */; };
		BDE095D2291C1EC7009CB1C0 /* PhoneEntryViewModel.swift in Sources */ = {isa = PBXBuildFile; fileRef = BDE095D1291C1EC7009CB1C0 /* PhoneEntryViewModel.swift */; };
		BDE095D4291C1ED0009CB1C0 /* PhoneVerificationViewModel.swift in Sources */ = {isa = PBXBuildFile; fileRef = BDE095D3291C1ED0009CB1C0 /* PhoneVerificationViewModel.swift */; };
		BDE1AC4A2931DE5A009E88AD /* TabBarController.swift in Sources */ = {isa = PBXBuildFile; fileRef = BDE1AC492931DE5A009E88AD /* TabBarController.swift */; };
		BDE1AC4C2931DE76009E88AD /* Tab.swift in Sources */ = {isa = PBXBuildFile; fileRef = BDE1AC4B2931DE76009E88AD /* Tab.swift */; };
		BDE1AC512931DEE5009E88AD /* FriendViewController.swift in Sources */ = {isa = PBXBuildFile; fileRef = BDE1AC502931DEE5009E88AD /* FriendViewController.swift */; };
		BDE1AC532931DEED009E88AD /* ShopViewController.swift in Sources */ = {isa = PBXBuildFile; fileRef = BDE1AC522931DEED009E88AD /* ShopViewController.swift */; };
		BDE1AC552931E4BE009E88AD /* BaseTabBarController.swift in Sources */ = {isa = PBXBuildFile; fileRef = BDE1AC542931E4BE009E88AD /* BaseTabBarController.swift */; };
		BDE1AC572931E668009E88AD /* CALayer+.swift in Sources */ = {isa = PBXBuildFile; fileRef = BDE1AC562931E668009E88AD /* CALayer+.swift */; };
		BDE1AC5B2931E98B009E88AD /* KeywordViewController.swift in Sources */ = {isa = PBXBuildFile; fileRef = BDE1AC5A2931E98B009E88AD /* KeywordViewController.swift */; };
		BDE1AC5E2931E9FE009E88AD /* KeywordViewSection.swift in Sources */ = {isa = PBXBuildFile; fileRef = BDE1AC5D2931E9FE009E88AD /* KeywordViewSection.swift */; };
		BDE1AC602931EA05009E88AD /* KeywordView.swift in Sources */ = {isa = PBXBuildFile; fileRef = BDE1AC5F2931EA05009E88AD /* KeywordView.swift */; };
		BDE1AC642931FCEE009E88AD /* KeywordSectionHeaderView.swift in Sources */ = {isa = PBXBuildFile; fileRef = BDE1AC632931FCEE009E88AD /* KeywordSectionHeaderView.swift */; };
		BDE1AC662931FE51009E88AD /* KeywordCell.swift in Sources */ = {isa = PBXBuildFile; fileRef = BDE1AC652931FE51009E88AD /* KeywordCell.swift */; };
		BDE1AC6929320E75009E88AD /* RxCocoa in Frameworks */ = {isa = PBXBuildFile; productRef = BDE1AC6829320E75009E88AD /* RxCocoa */; };
		BDE1AC6B29320E75009E88AD /* RxRelay in Frameworks */ = {isa = PBXBuildFile; productRef = BDE1AC6A29320E75009E88AD /* RxRelay */; };
		BDE1AC6D29320E75009E88AD /* RxSwift in Frameworks */ = {isa = PBXBuildFile; productRef = BDE1AC6C29320E75009E88AD /* RxSwift */; };
		BDE1AC7029320ED0009E88AD /* RxKeyboard in Frameworks */ = {isa = PBXBuildFile; productRef = BDE1AC6F29320ED0009E88AD /* RxKeyboard */; };
		BDE1AC7329321286009E88AD /* KeywordViewModel.swift in Sources */ = {isa = PBXBuildFile; fileRef = BDE1AC7229321286009E88AD /* KeywordViewModel.swift */; };
		BDE1AC7629321EC5009E88AD /* RxGesture in Frameworks */ = {isa = PBXBuildFile; productRef = BDE1AC7529321EC5009E88AD /* RxGesture */; };
		BDE4B6CC2920091E0084D60F /* NicknameViewModel.swift in Sources */ = {isa = PBXBuildFile; fileRef = BDE4B6CB2920091E0084D60F /* NicknameViewModel.swift */; };
		BDEA50F829278BD300110982 /* NetworkProvider.swift in Sources */ = {isa = PBXBuildFile; fileRef = BDEA50F729278BD300110982 /* NetworkProvider.swift */; };
		BDEA50FC29278D5D00110982 /* AuthManager.swift in Sources */ = {isa = PBXBuildFile; fileRef = BDEA50FB29278D5D00110982 /* AuthManager.swift */; };
		BDEA50FF2927F22700110982 /* URLRequestable.swift in Sources */ = {isa = PBXBuildFile; fileRef = BDEA50FE2927F22700110982 /* URLRequestable.swift */; };
		BDEA51012927FE9300110982 /* HTTPHeaderField.swift in Sources */ = {isa = PBXBuildFile; fileRef = BDEA51002927FE9300110982 /* HTTPHeaderField.swift */; };
		BDF5818029323533005C8E4E /* KeywordError.swift in Sources */ = {isa = PBXBuildFile; fileRef = BDF5817F29323533005C8E4E /* KeywordError.swift */; };
		BDF5818229327C5D005C8E4E /* SearchAPI.swift in Sources */ = {isa = PBXBuildFile; fileRef = BDF5818129327C5D005C8E4E /* SearchAPI.swift */; };
		BDF5818529327D2D005C8E4E /* SearchResponseDTO.swift in Sources */ = {isa = PBXBuildFile; fileRef = BDF5818429327D2D005C8E4E /* SearchResponseDTO.swift */; };
		BDF9C185291D5618009B4B1B /* UIButton+Extension.swift in Sources */ = {isa = PBXBuildFile; fileRef = BDF9C184291D5618009B4B1B /* UIButton+Extension.swift */; };
		BDF9C187291D6394009B4B1B /* BirthInputView.swift in Sources */ = {isa = PBXBuildFile; fileRef = BDF9C186291D6394009B4B1B /* BirthInputView.swift */; };
/* End PBXBuildFile section */

/* Begin PBXFileReference section */
		BD15957E291A3FAE00C552CB /* Adjusted+Extension.swift */ = {isa = PBXFileReference; lastKnownFileType = sourcecode.swift; path = "Adjusted+Extension.swift"; sourceTree = "<group>"; };
		BD23475C291A5F1D009BC722 /* NotoSansCJKkr-Medium.otf */ = {isa = PBXFileReference; lastKnownFileType = file; path = "NotoSansCJKkr-Medium.otf"; sourceTree = "<group>"; };
		BD23475D291A5F1F009BC722 /* NotoSansCJKkr-Regular.otf */ = {isa = PBXFileReference; lastKnownFileType = file; path = "NotoSansCJKkr-Regular.otf"; sourceTree = "<group>"; };
		BD234760291A6052009BC722 /* TypoStyle.swift */ = {isa = PBXFileReference; lastKnownFileType = sourcecode.swift; path = TypoStyle.swift; sourceTree = "<group>"; };
		BD234762291A771A009BC722 /* UILabel+Extension.swift */ = {isa = PBXFileReference; lastKnownFileType = sourcecode.swift; path = "UILabel+Extension.swift"; sourceTree = "<group>"; };
		BD23476A291A9AEB009BC722 /* BaseView.swift */ = {isa = PBXFileReference; lastKnownFileType = sourcecode.swift; path = BaseView.swift; sourceTree = "<group>"; };
		BD23476D291A9B41009BC722 /* MGCButton.swift */ = {isa = PBXFileReference; lastKnownFileType = sourcecode.swift; path = MGCButton.swift; sourceTree = "<group>"; };
		BD23476F291A9B8A009BC722 /* MGCButtonStyle.swift */ = {isa = PBXFileReference; lastKnownFileType = sourcecode.swift; path = MGCButtonStyle.swift; sourceTree = "<group>"; };
		BD234774291AA3C7009BC722 /* BaseCollectionViewCell.swift */ = {isa = PBXFileReference; lastKnownFileType = sourcecode.swift; path = BaseCollectionViewCell.swift; sourceTree = "<group>"; };
		BD234777291AA418009BC722 /* Reusable.swift */ = {isa = PBXFileReference; lastKnownFileType = sourcecode.swift; path = Reusable.swift; sourceTree = "<group>"; };
		BD234779291AA451009BC722 /* UICollectionView+Extension.swift */ = {isa = PBXFileReference; lastKnownFileType = sourcecode.swift; path = "UICollectionView+Extension.swift"; sourceTree = "<group>"; };
		BD23477B291AA4EF009BC722 /* OnboardingCollectionViewCell.swift */ = {isa = PBXFileReference; lastKnownFileType = sourcecode.swift; path = OnboardingCollectionViewCell.swift; sourceTree = "<group>"; };
		BD23477E291BB48A009BC722 /* UIFont+Extension.swift */ = {isa = PBXFileReference; lastKnownFileType = sourcecode.swift; path = "UIFont+Extension.swift"; sourceTree = "<group>"; };
		BD347C43292F61EB009F52BA /* MapView.swift */ = {isa = PBXFileReference; lastKnownFileType = sourcecode.swift; path = MapView.swift; sourceTree = "<group>"; };
		BD347C45292F61F3009F52BA /* MapViewController.swift */ = {isa = PBXFileReference; lastKnownFileType = sourcecode.swift; path = MapViewController.swift; sourceTree = "<group>"; };
		BD347C48292F61FF009F52BA /* MapViewModel.swift */ = {isa = PBXFileReference; lastKnownFileType = sourcecode.swift; path = MapViewModel.swift; sourceTree = "<group>"; };
		BD347C4B292F6D43009F52BA /* LocationManager.swift */ = {isa = PBXFileReference; lastKnownFileType = sourcecode.swift; path = LocationManager.swift; sourceTree = "<group>"; };
		BD347C4D292F7213009F52BA /* MapManager.swift */ = {isa = PBXFileReference; lastKnownFileType = sourcecode.swift; path = MapManager.swift; sourceTree = "<group>"; };
		BD347C54292FC13B009F52BA /* GenderFilterView.swift */ = {isa = PBXFileReference; lastKnownFileType = sourcecode.swift; path = GenderFilterView.swift; sourceTree = "<group>"; };
		BD38827D292372B5000F971D /* FirbaseTokenError.swift */ = {isa = PBXFileReference; lastKnownFileType = sourcecode.swift; path = FirbaseTokenError.swift; sourceTree = "<group>"; };
		BD38827F29237316000F971D /* MGCError.swift */ = {isa = PBXFileReference; lastKnownFileType = sourcecode.swift; path = MGCError.swift; sourceTree = "<group>"; };
		BD388281292374A9000F971D /* MGCNetworkError.swift */ = {isa = PBXFileReference; lastKnownFileType = sourcecode.swift; path = MGCNetworkError.swift; sourceTree = "<group>"; };
		BD38828329237562000F971D /* MGCHTTPError.swift */ = {isa = PBXFileReference; lastKnownFileType = sourcecode.swift; path = MGCHTTPError.swift; sourceTree = "<group>"; };
		BD392CAD291D304A008D3EAB /* UITextField+Extension.swift */ = {isa = PBXFileReference; lastKnownFileType = sourcecode.swift; path = "UITextField+Extension.swift"; sourceTree = "<group>"; };
		BD392CB1291D3990008D3EAB /* NicknameViewController.swift */ = {isa = PBXFileReference; lastKnownFileType = sourcecode.swift; path = NicknameViewController.swift; sourceTree = "<group>"; };
		BD392CB5291D39A5008D3EAB /* BirthViewController.swift */ = {isa = PBXFileReference; lastKnownFileType = sourcecode.swift; path = BirthViewController.swift; sourceTree = "<group>"; };
		BD392CB9291D39DD008D3EAB /* EmailViewController.swift */ = {isa = PBXFileReference; lastKnownFileType = sourcecode.swift; path = EmailViewController.swift; sourceTree = "<group>"; };
		BD392CBB291D39EC008D3EAB /* GenderViewController.swift */ = {isa = PBXFileReference; lastKnownFileType = sourcecode.swift; path = GenderViewController.swift; sourceTree = "<group>"; };
		BD392CBE291D49DA008D3EAB /* GenderInputView.swift */ = {isa = PBXFileReference; lastKnownFileType = sourcecode.swift; path = GenderInputView.swift; sourceTree = "<group>"; };
		BD392CC0291D4A61008D3EAB /* UIView+Extension.swift */ = {isa = PBXFileReference; lastKnownFileType = sourcecode.swift; path = "UIView+Extension.swift"; sourceTree = "<group>"; };
		BD392CC2291D4AAC008D3EAB /* UIStackView+Extension.swift */ = {isa = PBXFileReference; lastKnownFileType = sourcecode.swift; path = "UIStackView+Extension.swift"; sourceTree = "<group>"; };
		BD3C647D291FE3D1005E7142 /* NetworkMonitor.swift */ = {isa = PBXFileReference; lastKnownFileType = sourcecode.swift; path = NetworkMonitor.swift; sourceTree = "<group>"; };
		BD3C6481291FEFF3005E7142 /* UserResponseDTO.swift */ = {isa = PBXFileReference; lastKnownFileType = sourcecode.swift; path = UserResponseDTO.swift; sourceTree = "<group>"; };
		BD3C6484291FF0C3005E7142 /* User.swift */ = {isa = PBXFileReference; lastKnownFileType = sourcecode.swift; path = User.swift; sourceTree = "<group>"; };
		BD4B5516292A8A6D00ECFD04 /* MyProfileViewController.swift */ = {isa = PBXFileReference; lastKnownFileType = sourcecode.swift; path = MyProfileViewController.swift; sourceTree = "<group>"; };
		BD4B5518292A8B3C00ECFD04 /* MyProfileItemCell.swift */ = {isa = PBXFileReference; lastKnownFileType = sourcecode.swift; path = MyProfileItemCell.swift; sourceTree = "<group>"; };
		BD4B551B292A91E000ECFD04 /* MyProfileViewSection.swift */ = {isa = PBXFileReference; lastKnownFileType = sourcecode.swift; path = MyProfileViewSection.swift; sourceTree = "<group>"; };
		BD4B551E292B184300ECFD04 /* MyProfileItemCellViewModel.swift */ = {isa = PBXFileReference; lastKnownFileType = sourcecode.swift; path = MyProfileItemCellViewModel.swift; sourceTree = "<group>"; };
		BD4B5520292B1D9B00ECFD04 /* MyProfileViewModel.swift */ = {isa = PBXFileReference; lastKnownFileType = sourcecode.swift; path = MyProfileViewModel.swift; sourceTree = "<group>"; };
		BD4E1CE62933CDFD00BF40BF /* StopQueueAPI.swift */ = {isa = PBXFileReference; lastKnownFileType = sourcecode.swift; path = StopQueueAPI.swift; sourceTree = "<group>"; };
		BD4E1CE82933CEBD00BF40BF /* MyQueueStateAPI.swift */ = {isa = PBXFileReference; lastKnownFileType = sourcecode.swift; path = MyQueueStateAPI.swift; sourceTree = "<group>"; };
		BD4E1CEB2933CF0800BF40BF /* QueueStateDTO.swift */ = {isa = PBXFileReference; lastKnownFileType = sourcecode.swift; path = QueueStateDTO.swift; sourceTree = "<group>"; };
		BD4E1CED2933CFA500BF40BF /* StudyRequestAPI.swift */ = {isa = PBXFileReference; lastKnownFileType = sourcecode.swift; path = StudyRequestAPI.swift; sourceTree = "<group>"; };
		BD4E1CEF2933D01F00BF40BF /* StudyAcceptAPI.swift */ = {isa = PBXFileReference; lastKnownFileType = sourcecode.swift; path = StudyAcceptAPI.swift; sourceTree = "<group>"; };
		BD4E1CF12933D05600BF40BF /* StudyDodgeAPI.swift */ = {isa = PBXFileReference; lastKnownFileType = sourcecode.swift; path = StudyDodgeAPI.swift; sourceTree = "<group>"; };
		BD4E1CF32933D0A100BF40BF /* ReviewAPI.swift */ = {isa = PBXFileReference; lastKnownFileType = sourcecode.swift; path = ReviewAPI.swift; sourceTree = "<group>"; };
		BD523764291DFC0A004EE2B6 /* UserDefaultsManager.swift */ = {isa = PBXFileReference; lastKnownFileType = sourcecode.swift; path = UserDefaultsManager.swift; sourceTree = "<group>"; };
		BD52376C291E5024004EE2B6 /* NetworkError.swift */ = {isa = PBXFileReference; lastKnownFileType = sourcecode.swift; path = NetworkError.swift; sourceTree = "<group>"; };
		BD523772291E5277004EE2B6 /* HTTPMethod.swift */ = {isa = PBXFileReference; lastKnownFileType = sourcecode.swift; path = HTTPMethod.swift; sourceTree = "<group>"; };
		BD523776291E537B004EE2B6 /* Environment.swift */ = {isa = PBXFileReference; lastKnownFileType = sourcecode.swift; path = Environment.swift; sourceTree = "<group>"; };
		BD52377E291E591A004EE2B6 /* Encodable+toDictionary.swift */ = {isa = PBXFileReference; lastKnownFileType = sourcecode.swift; path = "Encodable+toDictionary.swift"; sourceTree = "<group>"; };
		BD523789291E5C97004EE2B6 /* EmptyResponse.swift */ = {isa = PBXFileReference; lastKnownFileType = sourcecode.swift; path = EmptyResponse.swift; sourceTree = "<group>"; };
		BD52378B291E5E66004EE2B6 /* GoogleService-Info.plist */ = {isa = PBXFileReference; fileEncoding = 4; lastKnownFileType = text.plist.xml; path = "GoogleService-Info.plist"; sourceTree = "<group>"; };
		BD52378D291E5F42004EE2B6 /* Mogakco.entitlements */ = {isa = PBXFileReference; lastKnownFileType = text.plist.entitlements; path = Mogakco.entitlements; sourceTree = "<group>"; };
		BD82EA372934BF7800A8FB1C /* Pager.swift */ = {isa = PBXFileReference; lastKnownFileType = sourcecode.swift; path = Pager.swift; sourceTree = "<group>"; };
		BD82EA3B2934C66900A8FB1C /* MatchViewController.swift */ = {isa = PBXFileReference; lastKnownFileType = sourcecode.swift; path = MatchViewController.swift; sourceTree = "<group>"; };
		BD82EA3D2934C6B800A8FB1C /* StudyRequestViewController.swift */ = {isa = PBXFileReference; lastKnownFileType = sourcecode.swift; path = StudyRequestViewController.swift; sourceTree = "<group>"; };
		BD82EA3F2934C6C200A8FB1C /* StudyAcceptViewController.swift */ = {isa = PBXFileReference; lastKnownFileType = sourcecode.swift; path = StudyAcceptViewController.swift; sourceTree = "<group>"; };
		BD8E98AF2922774600133840 /* PreviewProvider.swift */ = {isa = PBXFileReference; lastKnownFileType = sourcecode.swift; path = PreviewProvider.swift; sourceTree = "<group>"; };
		BD8E98B12922776E00133840 /* Device.swift */ = {isa = PBXFileReference; lastKnownFileType = sourcecode.swift; path = Device.swift; sourceTree = "<group>"; };
		BD8E98CE2922C27F00133840 /* SignUpRequestDTO.swift */ = {isa = PBXFileReference; fileEncoding = 4; lastKnownFileType = sourcecode.swift; path = SignUpRequestDTO.swift; sourceTree = "<group>"; };
		BD9257DE291943F8008A3158 /* Mogakco.app */ = {isa = PBXFileReference; explicitFileType = wrapper.application; includeInIndex = 0; path = Mogakco.app; sourceTree = BUILT_PRODUCTS_DIR; };
		BD9257E1291943F8008A3158 /* AppDelegate.swift */ = {isa = PBXFileReference; lastKnownFileType = sourcecode.swift; path = AppDelegate.swift; sourceTree = "<group>"; };
		BD9257E3291943F8008A3158 /* SceneDelegate.swift */ = {isa = PBXFileReference; lastKnownFileType = sourcecode.swift; path = SceneDelegate.swift; sourceTree = "<group>"; };
		BD9257EA291943F9008A3158 /* Assets.xcassets */ = {isa = PBXFileReference; lastKnownFileType = folder.assetcatalog; path = Assets.xcassets; sourceTree = "<group>"; };
		BD9257ED291943F9008A3158 /* Base */ = {isa = PBXFileReference; lastKnownFileType = file.storyboard; name = Base; path = Base.lproj/LaunchScreen.storyboard; sourceTree = "<group>"; };
		BD9257EF291943F9008A3158 /* Info.plist */ = {isa = PBXFileReference; lastKnownFileType = text.plist.xml; path = Info.plist; sourceTree = "<group>"; };
		BD925804291945A8008A3158 /* SplashViewController.swift */ = {isa = PBXFileReference; lastKnownFileType = sourcecode.swift; path = SplashViewController.swift; sourceTree = "<group>"; };
		BD92580A29194670008A3158 /* OnboardingViewController.swift */ = {isa = PBXFileReference; lastKnownFileType = sourcecode.swift; path = OnboardingViewController.swift; sourceTree = "<group>"; };
		BD92580D29194691008A3158 /* BaseViewController.swift */ = {isa = PBXFileReference; lastKnownFileType = sourcecode.swift; path = BaseViewController.swift; sourceTree = "<group>"; };
		BD92580F291946E8008A3158 /* Images.xcassets */ = {isa = PBXFileReference; lastKnownFileType = folder.assetcatalog; path = Images.xcassets; sourceTree = "<group>"; };
		BD925813291946FE008A3158 /* Colors.swift */ = {isa = PBXFileReference; lastKnownFileType = sourcecode.swift; path = Colors.swift; sourceTree = "<group>"; };
		BD92581529194706008A3158 /* Images.swift */ = {isa = PBXFileReference; lastKnownFileType = sourcecode.swift; path = Images.swift; sourceTree = "<group>"; };
		BD92583129194BC8008A3158 /* .swiftlint.yml */ = {isa = PBXFileReference; lastKnownFileType = text.yaml; path = .swiftlint.yml; sourceTree = "<group>"; };
		BDA41065292BDFB60053FF3B /* HTTPError.swift */ = {isa = PBXFileReference; lastKnownFileType = sourcecode.swift; path = HTTPError.swift; sourceTree = "<group>"; };
		BDA41068292BF6330053FF3B /* FindQueueAPI.swift */ = {isa = PBXFileReference; lastKnownFileType = sourcecode.swift; path = FindQueueAPI.swift; sourceTree = "<group>"; };
		BDC06B10291E70C7000C4A6A /* ViewModelType.swift */ = {isa = PBXFileReference; lastKnownFileType = sourcecode.swift; path = ViewModelType.swift; sourceTree = "<group>"; };
		BDC06B12291E763F000C4A6A /* Bindable.swift */ = {isa = PBXFileReference; lastKnownFileType = sourcecode.swift; path = Bindable.swift; sourceTree = "<group>"; };
		BDC06B15291EA718000C4A6A /* String+.swift */ = {isa = PBXFileReference; lastKnownFileType = sourcecode.swift; path = "String+.swift"; sourceTree = "<group>"; };
		BDC06B19291EC66E000C4A6A /* FirebaseAuthRepository.swift */ = {isa = PBXFileReference; lastKnownFileType = sourcecode.swift; path = FirebaseAuthRepository.swift; sourceTree = "<group>"; };
		BDC06B1B291EC750000C4A6A /* FirebaseAuthRepositoryImpl.swift */ = {isa = PBXFileReference; lastKnownFileType = sourcecode.swift; path = FirebaseAuthRepositoryImpl.swift; sourceTree = "<group>"; };
		BDC50EC029288D34002378C6 /* SignInAPI.swift */ = {isa = PBXFileReference; lastKnownFileType = sourcecode.swift; path = SignInAPI.swift; sourceTree = "<group>"; };
		BDC50EC229289126002378C6 /* SignUpAPI.swift */ = {isa = PBXFileReference; lastKnownFileType = sourcecode.swift; path = SignUpAPI.swift; sourceTree = "<group>"; };
		BDC50EC529289452002378C6 /* WithdrawAPI.swift */ = {isa = PBXFileReference; lastKnownFileType = sourcecode.swift; path = WithdrawAPI.swift; sourceTree = "<group>"; };
		BDC50EC8292929C1002378C6 /* MyPageAPI.swift */ = {isa = PBXFileReference; lastKnownFileType = sourcecode.swift; path = MyPageAPI.swift; sourceTree = "<group>"; };
		BDE095C4291C17AB009CB1C0 /* Onboarding.swift */ = {isa = PBXFileReference; lastKnownFileType = sourcecode.swift; path = Onboarding.swift; sourceTree = "<group>"; };
		BDE095C6291C1911009CB1C0 /* OnboardingView.swift */ = {isa = PBXFileReference; lastKnownFileType = sourcecode.swift; path = OnboardingView.swift; sourceTree = "<group>"; };
		BDE095CD291C1E79009CB1C0 /* PhoneEntryViewController.swift */ = {isa = PBXFileReference; lastKnownFileType = sourcecode.swift; path = PhoneEntryViewController.swift; sourceTree = "<group>"; };
		BDE095CF291C1E92009CB1C0 /* PhoneVerificationViewController.swift */ = {isa = PBXFileReference; lastKnownFileType = sourcecode.swift; path = PhoneVerificationViewController.swift; sourceTree = "<group>"; };
		BDE095D1291C1EC7009CB1C0 /* PhoneEntryViewModel.swift */ = {isa = PBXFileReference; lastKnownFileType = sourcecode.swift; path = PhoneEntryViewModel.swift; sourceTree = "<group>"; };
		BDE095D3291C1ED0009CB1C0 /* PhoneVerificationViewModel.swift */ = {isa = PBXFileReference; lastKnownFileType = sourcecode.swift; path = PhoneVerificationViewModel.swift; sourceTree = "<group>"; };
		BDE1AC492931DE5A009E88AD /* TabBarController.swift */ = {isa = PBXFileReference; lastKnownFileType = sourcecode.swift; path = TabBarController.swift; sourceTree = "<group>"; };
		BDE1AC4B2931DE76009E88AD /* Tab.swift */ = {isa = PBXFileReference; lastKnownFileType = sourcecode.swift; path = Tab.swift; sourceTree = "<group>"; };
		BDE1AC502931DEE5009E88AD /* FriendViewController.swift */ = {isa = PBXFileReference; lastKnownFileType = sourcecode.swift; path = FriendViewController.swift; sourceTree = "<group>"; };
		BDE1AC522931DEED009E88AD /* ShopViewController.swift */ = {isa = PBXFileReference; lastKnownFileType = sourcecode.swift; path = ShopViewController.swift; sourceTree = "<group>"; };
		BDE1AC542931E4BE009E88AD /* BaseTabBarController.swift */ = {isa = PBXFileReference; lastKnownFileType = sourcecode.swift; path = BaseTabBarController.swift; sourceTree = "<group>"; };
		BDE1AC562931E668009E88AD /* CALayer+.swift */ = {isa = PBXFileReference; lastKnownFileType = sourcecode.swift; path = "CALayer+.swift"; sourceTree = "<group>"; };
		BDE1AC5A2931E98B009E88AD /* KeywordViewController.swift */ = {isa = PBXFileReference; lastKnownFileType = sourcecode.swift; path = KeywordViewController.swift; sourceTree = "<group>"; };
		BDE1AC5D2931E9FE009E88AD /* KeywordViewSection.swift */ = {isa = PBXFileReference; lastKnownFileType = sourcecode.swift; path = KeywordViewSection.swift; sourceTree = "<group>"; };
		BDE1AC5F2931EA05009E88AD /* KeywordView.swift */ = {isa = PBXFileReference; lastKnownFileType = sourcecode.swift; path = KeywordView.swift; sourceTree = "<group>"; };
		BDE1AC632931FCEE009E88AD /* KeywordSectionHeaderView.swift */ = {isa = PBXFileReference; lastKnownFileType = sourcecode.swift; path = KeywordSectionHeaderView.swift; sourceTree = "<group>"; };
		BDE1AC652931FE51009E88AD /* KeywordCell.swift */ = {isa = PBXFileReference; lastKnownFileType = sourcecode.swift; path = KeywordCell.swift; sourceTree = "<group>"; };
		BDE1AC7229321286009E88AD /* KeywordViewModel.swift */ = {isa = PBXFileReference; lastKnownFileType = sourcecode.swift; path = KeywordViewModel.swift; sourceTree = "<group>"; };
		BDE4B6CB2920091E0084D60F /* NicknameViewModel.swift */ = {isa = PBXFileReference; lastKnownFileType = sourcecode.swift; path = NicknameViewModel.swift; sourceTree = "<group>"; };
		BDEA50F729278BD300110982 /* NetworkProvider.swift */ = {isa = PBXFileReference; lastKnownFileType = sourcecode.swift; path = NetworkProvider.swift; sourceTree = "<group>"; };
		BDEA50FB29278D5D00110982 /* AuthManager.swift */ = {isa = PBXFileReference; lastKnownFileType = sourcecode.swift; path = AuthManager.swift; sourceTree = "<group>"; };
		BDEA50FE2927F22700110982 /* URLRequestable.swift */ = {isa = PBXFileReference; lastKnownFileType = sourcecode.swift; path = URLRequestable.swift; sourceTree = "<group>"; };
		BDEA51002927FE9300110982 /* HTTPHeaderField.swift */ = {isa = PBXFileReference; lastKnownFileType = sourcecode.swift; path = HTTPHeaderField.swift; sourceTree = "<group>"; };
		BDF5817F29323533005C8E4E /* KeywordError.swift */ = {isa = PBXFileReference; lastKnownFileType = sourcecode.swift; path = KeywordError.swift; sourceTree = "<group>"; };
		BDF5818129327C5D005C8E4E /* SearchAPI.swift */ = {isa = PBXFileReference; lastKnownFileType = sourcecode.swift; path = SearchAPI.swift; sourceTree = "<group>"; };
		BDF5818429327D2D005C8E4E /* SearchResponseDTO.swift */ = {isa = PBXFileReference; lastKnownFileType = sourcecode.swift; path = SearchResponseDTO.swift; sourceTree = "<group>"; };
		BDF9C184291D5618009B4B1B /* UIButton+Extension.swift */ = {isa = PBXFileReference; lastKnownFileType = sourcecode.swift; path = "UIButton+Extension.swift"; sourceTree = "<group>"; };
		BDF9C186291D6394009B4B1B /* BirthInputView.swift */ = {isa = PBXFileReference; lastKnownFileType = sourcecode.swift; path = BirthInputView.swift; sourceTree = "<group>"; };
/* End PBXFileReference section */

/* Begin PBXFrameworksBuildPhase section */
		BD9257DB291943F8008A3158 /* Frameworks */ = {
			isa = PBXFrameworksBuildPhase;
			buildActionMask = 2147483647;
			files = (
				BDE1AC6B29320E75009E88AD /* RxRelay in Frameworks */,
				BDE1AC7029320ED0009E88AD /* RxKeyboard in Frameworks */,
				BDE1AC6D29320E75009E88AD /* RxSwift in Frameworks */,
				BD8E98C32922BD7C00133840 /* FirebaseMessaging in Frameworks */,
				BD8E98BB2922BCCA00133840 /* SnapKit in Frameworks */,
				BD8E98C12922BD7C00133840 /* FirebaseAuth in Frameworks */,
				BD4B5513292A8A0C00ECFD04 /* RxDataSources in Frameworks */,
				BD8E98CB2922BE0700133840 /* Toast in Frameworks */,
				BDE1AC6929320E75009E88AD /* RxCocoa in Frameworks */,
				BDE1AC7629321EC5009E88AD /* RxGesture in Frameworks */,
				BD8E98BE2922BCD500133840 /* Then in Frameworks */,
			);
			runOnlyForDeploymentPostprocessing = 0;
		};
/* End PBXFrameworksBuildPhase section */

/* Begin PBXGroup section */
		BD15957B291A3F8C00C552CB /* UIKit+ */ = {
			isa = PBXGroup;
			children = (
				BD15957E291A3FAE00C552CB /* Adjusted+Extension.swift */,
				BDE1AC562931E668009E88AD /* CALayer+.swift */,
				BDF9C184291D5618009B4B1B /* UIButton+Extension.swift */,
				BD234779291AA451009BC722 /* UICollectionView+Extension.swift */,
				BD234762291A771A009BC722 /* UILabel+Extension.swift */,
				BD392CC2291D4AAC008D3EAB /* UIStackView+Extension.swift */,
				BD392CAD291D304A008D3EAB /* UITextField+Extension.swift */,
				BD392CC0291D4A61008D3EAB /* UIView+Extension.swift */,
			);
			path = "UIKit+";
			sourceTree = "<group>";
		};
		BD23476C291A9B2C009BC722 /* MGCButton */ = {
			isa = PBXGroup;
			children = (
				BD23476D291A9B41009BC722 /* MGCButton.swift */,
				BD23476F291A9B8A009BC722 /* MGCButtonStyle.swift */,
			);
			path = MGCButton;
			sourceTree = "<group>";
		};
		BD234776291AA410009BC722 /* Protocol */ = {
			isa = PBXGroup;
			children = (
				BD234777291AA418009BC722 /* Reusable.swift */,
				BDC06B12291E763F000C4A6A /* Bindable.swift */,
			);
			path = Protocol;
			sourceTree = "<group>";
		};
		BD347C41292F61D2009F52BA /* Map */ = {
			isa = PBXGroup;
			children = (
				BD347C42292F61DD009F52BA /* View */,
				BD347C47292F61F5009F52BA /* ViewModel */,
			);
			path = Map;
			sourceTree = "<group>";
		};
		BD347C42292F61DD009F52BA /* View */ = {
			isa = PBXGroup;
			children = (
				BD347C54292FC13B009F52BA /* GenderFilterView.swift */,
				BD347C43292F61EB009F52BA /* MapView.swift */,
				BD347C45292F61F3009F52BA /* MapViewController.swift */,
			);
			path = View;
			sourceTree = "<group>";
		};
		BD347C47292F61F5009F52BA /* ViewModel */ = {
			isa = PBXGroup;
			children = (
				BD347C48292F61FF009F52BA /* MapViewModel.swift */,
			);
			path = ViewModel;
			sourceTree = "<group>";
		};
		BD347C4A292F6D37009F52BA /* Map */ = {
			isa = PBXGroup;
			children = (
				BD347C4B292F6D43009F52BA /* LocationManager.swift */,
				BD347C4D292F7213009F52BA /* MapManager.swift */,
			);
			path = Map;
			sourceTree = "<group>";
		};
		BD38827B292370FA000F971D /* LocalStorage */ = {
			isa = PBXGroup;
			children = (
				BD523764291DFC0A004EE2B6 /* UserDefaultsManager.swift */,
			);
			path = LocalStorage;
			sourceTree = "<group>";
		};
		BD38827C29237299000F971D /* Error */ = {
			isa = PBXGroup;
			children = (
				BD38827D292372B5000F971D /* FirbaseTokenError.swift */,
				BD38827F29237316000F971D /* MGCError.swift */,
				BD388281292374A9000F971D /* MGCNetworkError.swift */,
				BD38828329237562000F971D /* MGCHTTPError.swift */,
			);
			path = Error;
			sourceTree = "<group>";
		};
		BD392CB7291D39AE008D3EAB /* SignUp */ = {
			isa = PBXGroup;
			children = (
				BDE4B6CA292009130084D60F /* ViewModel */,
				BD392CB8291D39B3008D3EAB /* View */,
			);
			path = SignUp;
			sourceTree = "<group>";
		};
		BD392CB8291D39B3008D3EAB /* View */ = {
			isa = PBXGroup;
			children = (
				BD8E98A9292275A800133840 /* Birth */,
				BD8E98AA292275B000133840 /* Email */,
				BD8E98AB292275B200133840 /* Gender */,
				BD8E98AC292275B500133840 /* Nickname */,
			);
			path = View;
			sourceTree = "<group>";
		};
		BD3C647C291FE3B0005E7142 /* Reachability */ = {
			isa = PBXGroup;
			children = (
				BD3C647D291FE3D1005E7142 /* NetworkMonitor.swift */,
			);
			path = Reachability;
			sourceTree = "<group>";
		};
		BD3C647F291FEFCB005E7142 /* DataMapping */ = {
			isa = PBXGroup;
			children = (
				BD4E1CEA2933CEE700BF40BF /* Queue */,
				BDF5818329327CAD005C8E4E /* Study */,
				BD3C6480291FEFD7005E7142 /* SignIn */,
				BD8E98CD2922C27F00133840 /* SignUp */,
			);
			path = DataMapping;
			sourceTree = "<group>";
		};
		BD3C6480291FEFD7005E7142 /* SignIn */ = {
			isa = PBXGroup;
			children = (
				BD3C6481291FEFF3005E7142 /* UserResponseDTO.swift */,
			);
			path = SignIn;
			sourceTree = "<group>";
		};
		BD3C6483291FF0B6005E7142 /* DomainObject */ = {
			isa = PBXGroup;
			children = (
				BD3C6484291FF0C3005E7142 /* User.swift */,
				BDE095C4291C17AB009CB1C0 /* Onboarding.swift */,
			);
			path = DomainObject;
			sourceTree = "<group>";
		};
		BD4B5514292A8A5500ECFD04 /* MyProfile */ = {
			isa = PBXGroup;
			children = (
				BD4B551A292A91D400ECFD04 /* Section */,
				BD4B5515292A8A6400ECFD04 /* View */,
				BD4B551D292B182C00ECFD04 /* ViewModel */,
			);
			path = MyProfile;
			sourceTree = "<group>";
		};
		BD4B5515292A8A6400ECFD04 /* View */ = {
			isa = PBXGroup;
			children = (
				BD4B5518292A8B3C00ECFD04 /* MyProfileItemCell.swift */,
				BD4B5516292A8A6D00ECFD04 /* MyProfileViewController.swift */,
			);
			path = View;
			sourceTree = "<group>";
		};
		BD4B551A292A91D400ECFD04 /* Section */ = {
			isa = PBXGroup;
			children = (
				BD4B551B292A91E000ECFD04 /* MyProfileViewSection.swift */,
			);
			path = Section;
			sourceTree = "<group>";
		};
		BD4B551D292B182C00ECFD04 /* ViewModel */ = {
			isa = PBXGroup;
			children = (
				BD4B551E292B184300ECFD04 /* MyProfileItemCellViewModel.swift */,
				BD4B5520292B1D9B00ECFD04 /* MyProfileViewModel.swift */,
			);
			path = ViewModel;
			sourceTree = "<group>";
		};
		BD4E1CEA2933CEE700BF40BF /* Queue */ = {
			isa = PBXGroup;
			children = (
				BD4E1CEB2933CF0800BF40BF /* QueueStateDTO.swift */,
			);
			path = Queue;
			sourceTree = "<group>";
		};
		BD523788291E5C8E004EE2B6 /* NetworkModel */ = {
			isa = PBXGroup;
			children = (
				BD523789291E5C97004EE2B6 /* EmptyResponse.swift */,
			);
			path = NetworkModel;
			sourceTree = "<group>";
		};
		BD82EA352934BF5600A8FB1C /* Common */ = {
			isa = PBXGroup;
			children = (
				BD82EA362934BF5900A8FB1C /* Pager */,
			);
			path = Common;
			sourceTree = "<group>";
		};
		BD82EA362934BF5900A8FB1C /* Pager */ = {
			isa = PBXGroup;
			children = (
				BD82EA372934BF7800A8FB1C /* Pager.swift */,
			);
			path = Pager;
			sourceTree = "<group>";
		};
		BD82EA392934C64800A8FB1C /* StudyMatch */ = {
			isa = PBXGroup;
			children = (
				BD82EA3A2934C65E00A8FB1C /* View */,
			);
			path = StudyMatch;
			sourceTree = "<group>";
		};
		BD82EA3A2934C65E00A8FB1C /* View */ = {
			isa = PBXGroup;
			children = (
				BD82EA3B2934C66900A8FB1C /* MatchViewController.swift */,
				BD82EA3D2934C6B800A8FB1C /* StudyRequestViewController.swift */,
				BD82EA3F2934C6C200A8FB1C /* StudyAcceptViewController.swift */,
			);
			path = View;
			sourceTree = "<group>";
		};
		BD8E98A9292275A800133840 /* Birth */ = {
			isa = PBXGroup;
			children = (
				BDF9C186291D6394009B4B1B /* BirthInputView.swift */,
				BD392CB5291D39A5008D3EAB /* BirthViewController.swift */,
			);
			path = Birth;
			sourceTree = "<group>";
		};
		BD8E98AA292275B000133840 /* Email */ = {
			isa = PBXGroup;
			children = (
				BD392CB9291D39DD008D3EAB /* EmailViewController.swift */,
			);
			path = Email;
			sourceTree = "<group>";
		};
		BD8E98AB292275B200133840 /* Gender */ = {
			isa = PBXGroup;
			children = (
				BD392CBE291D49DA008D3EAB /* GenderInputView.swift */,
				BD392CBB291D39EC008D3EAB /* GenderViewController.swift */,
			);
			path = Gender;
			sourceTree = "<group>";
		};
		BD8E98AC292275B500133840 /* Nickname */ = {
			isa = PBXGroup;
			children = (
				BD392CB1291D3990008D3EAB /* NicknameViewController.swift */,
			);
			path = Nickname;
			sourceTree = "<group>";
		};
		BD8E98AE2922770300133840 /* Preview */ = {
			isa = PBXGroup;
			children = (
				BD8E98B12922776E00133840 /* Device.swift */,
				BD8E98AF2922774600133840 /* PreviewProvider.swift */,
			);
			path = Preview;
			sourceTree = "<group>";
		};
		BD8E98CD2922C27F00133840 /* SignUp */ = {
			isa = PBXGroup;
			children = (
				BD8E98CE2922C27F00133840 /* SignUpRequestDTO.swift */,
			);
			path = SignUp;
			sourceTree = "<group>";
		};
		BD9257D5291943F7008A3158 = {
			isa = PBXGroup;
			children = (
				BD92583129194BC8008A3158 /* .swiftlint.yml */,
				BD9257E0291943F8008A3158 /* Mogakco */,
				BD9257DF291943F8008A3158 /* Products */,
			);
			sourceTree = "<group>";
		};
		BD9257DF291943F8008A3158 /* Products */ = {
			isa = PBXGroup;
			children = (
				BD9257DE291943F8008A3158 /* Mogakco.app */,
			);
			name = Products;
			sourceTree = "<group>";
		};
		BD9257E0291943F8008A3158 /* Mogakco */ = {
			isa = PBXGroup;
			children = (
				BD52378D291E5F42004EE2B6 /* Mogakco.entitlements */,
				BD9257F5291943FE008A3158 /* Application */,
				BD9257FE2919452E008A3158 /* Common */,
				BD92581929194747008A3158 /* Data */,
				BD92581A29194749008A3158 /* Domain */,
				BDEA50F929278D4B00110982 /* Manager */,
				BD9257FC291944FC008A3158 /* Network */,
				BD9257F8291944A3008A3158 /* Presentation */,
				BD9257F729194433008A3158 /* Supports */,
				BDFE03B72930DA78006F6FAF /* UserInterface */,
			);
			path = Mogakco;
			sourceTree = "<group>";
		};
		BD9257F5291943FE008A3158 /* Application */ = {
			isa = PBXGroup;
			children = (
				BD9257E1291943F8008A3158 /* AppDelegate.swift */,
				BD9257E3291943F8008A3158 /* SceneDelegate.swift */,
			);
			path = Application;
			sourceTree = "<group>";
		};
		BD9257F729194433008A3158 /* Supports */ = {
			isa = PBXGroup;
			children = (
				BD52378B291E5E66004EE2B6 /* GoogleService-Info.plist */,
				BD9257EF291943F9008A3158 /* Info.plist */,
			);
			path = Supports;
			sourceTree = "<group>";
		};
		BD9257F8291944A3008A3158 /* Presentation */ = {
			isa = PBXGroup;
			children = (
				BDE095C8291C1D8F009CB1C0 /* Auth */,
				BD82EA352934BF5600A8FB1C /* Common */,
				BDE1AC4D2931DED2009E88AD /* Friend */,
				BD347C41292F61D2009F52BA /* Map */,
				BD4B5514292A8A5500ECFD04 /* MyProfile */,
				BD9258022919456B008A3158 /* Onboarding */,
				BDE1AC4E2931DED5009E88AD /* Shop */,
				BD392CB7291D39AE008D3EAB /* SignUp */,
				BD92580129194567008A3158 /* Splash */,
				BDE1AC582931E97D009E88AD /* StudyKeyword */,
				BD82EA392934C64800A8FB1C /* StudyMatch */,
				BDE1AC472931DE43009E88AD /* TabBar */,
			);
			path = Presentation;
			sourceTree = "<group>";
		};
		BD9257FC291944FC008A3158 /* Network */ = {
			isa = PBXGroup;
			children = (
				BDC50EBF29288D28002378C6 /* API */,
				BD92581829194731008A3158 /* Foundation */,
				BDEA50F629278BBD00110982 /* NetworkProvider */,
				BDEA5102292883C900110982 /* NetworkError */,
				BD523788291E5C8E004EE2B6 /* NetworkModel */,
				BD3C647C291FE3B0005E7142 /* Reachability */,
			);
			path = Network;
			sourceTree = "<group>";
		};
		BD9257FE2919452E008A3158 /* Common */ = {
			isa = PBXGroup;
			children = (
				BD92580C29194682008A3158 /* Base */,
				BD38827C29237299000F971D /* Error */,
				BDC06B14291EA70D000C4A6A /* Foundation+ */,
				BD38827B292370FA000F971D /* LocalStorage */,
				BD234776291AA410009BC722 /* Protocol */,
				BD15957B291A3F8C00C552CB /* UIKit+ */,
			);
			path = Common;
			sourceTree = "<group>";
		};
		BD92580129194567008A3158 /* Splash */ = {
			isa = PBXGroup;
			children = (
				BD9258032919459B008A3158 /* View */,
			);
			path = Splash;
			sourceTree = "<group>";
		};
		BD9258022919456B008A3158 /* Onboarding */ = {
			isa = PBXGroup;
			children = (
				BD9258092919465C008A3158 /* View */,
			);
			path = Onboarding;
			sourceTree = "<group>";
		};
		BD9258032919459B008A3158 /* View */ = {
			isa = PBXGroup;
			children = (
				BD925804291945A8008A3158 /* SplashViewController.swift */,
			);
			path = View;
			sourceTree = "<group>";
		};
		BD92580629194624008A3158 /* Colors */ = {
			isa = PBXGroup;
			children = (
				BD925813291946FE008A3158 /* Colors.swift */,
			);
			path = Colors;
			sourceTree = "<group>";
		};
		BD92580729194628008A3158 /* Fonts */ = {
			isa = PBXGroup;
			children = (
				BD23475C291A5F1D009BC722 /* NotoSansCJKkr-Medium.otf */,
				BD23475D291A5F1F009BC722 /* NotoSansCJKkr-Regular.otf */,
				BD234760291A6052009BC722 /* TypoStyle.swift */,
				BD23477E291BB48A009BC722 /* UIFont+Extension.swift */,
			);
			path = Fonts;
			sourceTree = "<group>";
		};
		BD9258082919462A008A3158 /* Images */ = {
			isa = PBXGroup;
			children = (
				BD92581529194706008A3158 /* Images.swift */,
				BD92580F291946E8008A3158 /* Images.xcassets */,
			);
			path = Images;
			sourceTree = "<group>";
		};
		BD9258092919465C008A3158 /* View */ = {
			isa = PBXGroup;
			children = (
				BD23477B291AA4EF009BC722 /* OnboardingCollectionViewCell.swift */,
				BDE095C6291C1911009CB1C0 /* OnboardingView.swift */,
				BD92580A29194670008A3158 /* OnboardingViewController.swift */,
			);
			path = View;
			sourceTree = "<group>";
		};
		BD92580C29194682008A3158 /* Base */ = {
			isa = PBXGroup;
			children = (
				BD92580D29194691008A3158 /* BaseViewController.swift */,
				BD23476A291A9AEB009BC722 /* BaseView.swift */,
				BD234774291AA3C7009BC722 /* BaseCollectionViewCell.swift */,
				BDC06B10291E70C7000C4A6A /* ViewModelType.swift */,
			);
			path = Base;
			sourceTree = "<group>";
		};
		BD92581829194731008A3158 /* Foundation */ = {
			isa = PBXGroup;
			children = (
				BDEA51002927FE9300110982 /* HTTPHeaderField.swift */,
				BD523772291E5277004EE2B6 /* HTTPMethod.swift */,
				BDEA50FE2927F22700110982 /* URLRequestable.swift */,
				BD52377E291E591A004EE2B6 /* Encodable+toDictionary.swift */,
				BD523776291E537B004EE2B6 /* Environment.swift */,
			);
			path = Foundation;
			sourceTree = "<group>";
		};
		BD92581929194747008A3158 /* Data */ = {
			isa = PBXGroup;
			children = (
				BDFE03BB2930EF51006F6FAF /* DataSource */,
				BDC06B17291EC626000C4A6A /* Repositories+Impl */,
			);
			path = Data;
			sourceTree = "<group>";
		};
		BD92581A29194749008A3158 /* Domain */ = {
			isa = PBXGroup;
			children = (
				BD3C6483291FF0B6005E7142 /* DomainObject */,
				BDFE03C22930EFD7006F6FAF /* Repositories */,
			);
			path = Domain;
			sourceTree = "<group>";
		};
		BDA41067292BF6000053FF3B /* Queue */ = {
			isa = PBXGroup;
			children = (
				BDA41068292BF6330053FF3B /* FindQueueAPI.swift */,
				BDF5818129327C5D005C8E4E /* SearchAPI.swift */,
				BD4E1CE62933CDFD00BF40BF /* StopQueueAPI.swift */,
				BD4E1CE82933CEBD00BF40BF /* MyQueueStateAPI.swift */,
				BD4E1CED2933CFA500BF40BF /* StudyRequestAPI.swift */,
				BD4E1CEF2933D01F00BF40BF /* StudyAcceptAPI.swift */,
				BD4E1CF12933D05600BF40BF /* StudyDodgeAPI.swift */,
				BD4E1CF32933D0A100BF40BF /* ReviewAPI.swift */,
			);
			path = Queue;
			sourceTree = "<group>";
		};
		BDC06B14291EA70D000C4A6A /* Foundation+ */ = {
			isa = PBXGroup;
			children = (
				BDC06B15291EA718000C4A6A /* String+.swift */,
			);
			path = "Foundation+";
			sourceTree = "<group>";
		};
		BDC06B17291EC626000C4A6A /* Repositories+Impl */ = {
			isa = PBXGroup;
			children = (
				BDC06B1B291EC750000C4A6A /* FirebaseAuthRepositoryImpl.swift */,
			);
			path = "Repositories+Impl";
			sourceTree = "<group>";
		};
		BDC50EBF29288D28002378C6 /* API */ = {
			isa = PBXGroup;
			children = (
				BDC50EC42928943F002378C6 /* Auth */,
				BDA41067292BF6000053FF3B /* Queue */,
				BDC50EC7292929B0002378C6 /* User */,
			);
			path = API;
			sourceTree = "<group>";
		};
		BDC50EC42928943F002378C6 /* Auth */ = {
			isa = PBXGroup;
			children = (
				BDC50EC029288D34002378C6 /* SignInAPI.swift */,
				BDC50EC229289126002378C6 /* SignUpAPI.swift */,
				BDC50EC529289452002378C6 /* WithdrawAPI.swift */,
			);
			path = Auth;
			sourceTree = "<group>";
		};
		BDC50EC7292929B0002378C6 /* User */ = {
			isa = PBXGroup;
			children = (
				BDC50EC8292929C1002378C6 /* MyPageAPI.swift */,
			);
			path = User;
			sourceTree = "<group>";
		};
		BDE095C8291C1D8F009CB1C0 /* Auth */ = {
			isa = PBXGroup;
			children = (
				BDE095C9291C1D9F009CB1C0 /* View */,
				BDE095CA291C1DA1009CB1C0 /* ViewModel */,
			);
			path = Auth;
			sourceTree = "<group>";
		};
		BDE095C9291C1D9F009CB1C0 /* View */ = {
			isa = PBXGroup;
			children = (
				BDE095CD291C1E79009CB1C0 /* PhoneEntryViewController.swift */,
				BDE095CF291C1E92009CB1C0 /* PhoneVerificationViewController.swift */,
			);
			path = View;
			sourceTree = "<group>";
		};
		BDE095CA291C1DA1009CB1C0 /* ViewModel */ = {
			isa = PBXGroup;
			children = (
				BDE095D1291C1EC7009CB1C0 /* PhoneEntryViewModel.swift */,
				BDE095D3291C1ED0009CB1C0 /* PhoneVerificationViewModel.swift */,
			);
			path = ViewModel;
			sourceTree = "<group>";
		};
		BDE1AC472931DE43009E88AD /* TabBar */ = {
			isa = PBXGroup;
			children = (
				BDE1AC4B2931DE76009E88AD /* Tab.swift */,
				BDE1AC492931DE5A009E88AD /* TabBarController.swift */,
				BDE1AC542931E4BE009E88AD /* BaseTabBarController.swift */,
			);
			path = TabBar;
			sourceTree = "<group>";
		};
		BDE1AC4D2931DED2009E88AD /* Friend */ = {
			isa = PBXGroup;
			children = (
				BDE1AC502931DEE5009E88AD /* FriendViewController.swift */,
			);
			path = Friend;
			sourceTree = "<group>";
		};
		BDE1AC4E2931DED5009E88AD /* Shop */ = {
			isa = PBXGroup;
			children = (
				BDE1AC522931DEED009E88AD /* ShopViewController.swift */,
			);
			path = Shop;
			sourceTree = "<group>";
		};
		BDE1AC582931E97D009E88AD /* StudyKeyword */ = {
			isa = PBXGroup;
			children = (
				BDF5817E29323518005C8E4E /* Util */,
				BDE1AC5C2931E99E009E88AD /* Section */,
				BDE1AC592931E980009E88AD /* View */,
				BDE1AC7129321273009E88AD /* ViewModel */,
			);
			path = StudyKeyword;
			sourceTree = "<group>";
		};
		BDE1AC592931E980009E88AD /* View */ = {
			isa = PBXGroup;
			children = (
				BDE1AC5F2931EA05009E88AD /* KeywordView.swift */,
				BDE1AC5A2931E98B009E88AD /* KeywordViewController.swift */,
				BDE1AC632931FCEE009E88AD /* KeywordSectionHeaderView.swift */,
				BDE1AC652931FE51009E88AD /* KeywordCell.swift */,
			);
			path = View;
			sourceTree = "<group>";
		};
		BDE1AC5C2931E99E009E88AD /* Section */ = {
			isa = PBXGroup;
			children = (
				BDE1AC5D2931E9FE009E88AD /* KeywordViewSection.swift */,
			);
			path = Section;
			sourceTree = "<group>";
		};
		BDE1AC7129321273009E88AD /* ViewModel */ = {
			isa = PBXGroup;
			children = (
				BDE1AC7229321286009E88AD /* KeywordViewModel.swift */,
			);
			path = ViewModel;
			sourceTree = "<group>";
		};
		BDE4B6CA292009130084D60F /* ViewModel */ = {
			isa = PBXGroup;
			children = (
				BDE4B6CB2920091E0084D60F /* NicknameViewModel.swift */,
			);
			path = ViewModel;
			sourceTree = "<group>";
		};
		BDEA50F629278BBD00110982 /* NetworkProvider */ = {
			isa = PBXGroup;
			children = (
				BDEA50F729278BD300110982 /* NetworkProvider.swift */,
			);
			path = NetworkProvider;
			sourceTree = "<group>";
		};
		BDEA50F929278D4B00110982 /* Manager */ = {
			isa = PBXGroup;
			children = (
				BD347C4A292F6D37009F52BA /* Map */,
				BDEA50FA29278D5400110982 /* Auth */,
			);
			path = Manager;
			sourceTree = "<group>";
		};
		BDEA50FA29278D5400110982 /* Auth */ = {
			isa = PBXGroup;
			children = (
				BDEA50FB29278D5D00110982 /* AuthManager.swift */,
			);
			path = Auth;
			sourceTree = "<group>";
		};
		BDEA5102292883C900110982 /* NetworkError */ = {
			isa = PBXGroup;
			children = (
				BDA41065292BDFB60053FF3B /* HTTPError.swift */,
				BD52376C291E5024004EE2B6 /* NetworkError.swift */,
			);
			path = NetworkError;
			sourceTree = "<group>";
		};
		BDF5817E29323518005C8E4E /* Util */ = {
			isa = PBXGroup;
			children = (
				BDF5817F29323533005C8E4E /* KeywordError.swift */,
			);
			path = Util;
			sourceTree = "<group>";
		};
		BDF5818329327CAD005C8E4E /* Study */ = {
			isa = PBXGroup;
			children = (
				BDF5818429327D2D005C8E4E /* SearchResponseDTO.swift */,
			);
			path = Study;
			sourceTree = "<group>";
		};
		BDFE03B72930DA78006F6FAF /* UserInterface */ = {
			isa = PBXGroup;
			children = (
				BD9257EC291943F9008A3158 /* LaunchScreen.storyboard */,
				BDFE03B82930DAFD006F6FAF /* Assets */,
				BD92580629194624008A3158 /* Colors */,
				BD92580729194628008A3158 /* Fonts */,
				BD9258082919462A008A3158 /* Images */,
				BD23476C291A9B2C009BC722 /* MGCButton */,
				BD8E98AE2922770300133840 /* Preview */,
			);
			path = UserInterface;
			sourceTree = "<group>";
		};
		BDFE03B82930DAFD006F6FAF /* Assets */ = {
			isa = PBXGroup;
			children = (
				BD9257EA291943F9008A3158 /* Assets.xcassets */,
			);
			path = Assets;
			sourceTree = "<group>";
		};
		BDFE03BB2930EF51006F6FAF /* DataSource */ = {
			isa = PBXGroup;
			children = (
				BD3C647F291FEFCB005E7142 /* DataMapping */,
			);
			path = DataSource;
			sourceTree = "<group>";
		};
		BDFE03C22930EFD7006F6FAF /* Repositories */ = {
			isa = PBXGroup;
			children = (
				BDC06B19291EC66E000C4A6A /* FirebaseAuthRepository.swift */,
			);
			path = Repositories;
			sourceTree = "<group>";
		};
/* End PBXGroup section */

/* Begin PBXNativeTarget section */
		BD9257DD291943F8008A3158 /* Mogakco */ = {
			isa = PBXNativeTarget;
			buildConfigurationList = BD9257F2291943F9008A3158 /* Build configuration list for PBXNativeTarget "Mogakco" */;
			buildPhases = (
				BD92583029194B38008A3158 /* Run SwiftLint Script */,
				BD9257DA291943F8008A3158 /* Sources */,
				BD9257DB291943F8008A3158 /* Frameworks */,
				BD9257DC291943F8008A3158 /* Resources */,
			);
			buildRules = (
			);
			dependencies = (
			);
			name = Mogakco;
			packageProductDependencies = (
				BD8E98BA2922BCCA00133840 /* SnapKit */,
				BD8E98BD2922BCD500133840 /* Then */,
				BD8E98C02922BD7C00133840 /* FirebaseAuth */,
				BD8E98C22922BD7C00133840 /* FirebaseMessaging */,
				BD8E98CA2922BE0700133840 /* Toast */,
				BD4B5512292A8A0C00ECFD04 /* RxDataSources */,
				BDE1AC6829320E75009E88AD /* RxCocoa */,
				BDE1AC6A29320E75009E88AD /* RxRelay */,
				BDE1AC6C29320E75009E88AD /* RxSwift */,
				BDE1AC6F29320ED0009E88AD /* RxKeyboard */,
				BDE1AC7529321EC5009E88AD /* RxGesture */,
			);
			productName = Mogakco;
			productReference = BD9257DE291943F8008A3158 /* Mogakco.app */;
			productType = "com.apple.product-type.application";
		};
/* End PBXNativeTarget section */

/* Begin PBXProject section */
		BD9257D6291943F7008A3158 /* Project object */ = {
			isa = PBXProject;
			attributes = {
				BuildIndependentTargetsInParallel = 1;
				LastSwiftUpdateCheck = 1400;
				LastUpgradeCheck = 1400;
				TargetAttributes = {
					BD9257DD291943F8008A3158 = {
						CreatedOnToolsVersion = 14.0.1;
					};
				};
			};
			buildConfigurationList = BD9257D9291943F7008A3158 /* Build configuration list for PBXProject "Mogakco" */;
			compatibilityVersion = "Xcode 14.0";
			developmentRegion = en;
			hasScannedForEncodings = 0;
			knownRegions = (
				en,
				Base,
			);
			mainGroup = BD9257D5291943F7008A3158;
			packageReferences = (
				BD8E98B92922BCCA00133840 /* XCRemoteSwiftPackageReference "SnapKit" */,
				BD8E98BC2922BCD500133840 /* XCRemoteSwiftPackageReference "Then" */,
				BD8E98BF2922BD7C00133840 /* XCRemoteSwiftPackageReference "firebase-ios-sdk" */,
				BD8E98C92922BE0700133840 /* XCRemoteSwiftPackageReference "Toast-Swift" */,
				BD4B5511292A8A0C00ECFD04 /* XCRemoteSwiftPackageReference "RxDataSources" */,
				BDE1AC6729320E75009E88AD /* XCRemoteSwiftPackageReference "RxSwift" */,
				BDE1AC6E29320ED0009E88AD /* XCRemoteSwiftPackageReference "RxKeyboard" */,
				BDE1AC7429321EC5009E88AD /* XCRemoteSwiftPackageReference "RxGesture" */,
			);
			productRefGroup = BD9257DF291943F8008A3158 /* Products */;
			projectDirPath = "";
			projectRoot = "";
			targets = (
				BD9257DD291943F8008A3158 /* Mogakco */,
			);
		};
/* End PBXProject section */

/* Begin PBXResourcesBuildPhase section */
		BD9257DC291943F8008A3158 /* Resources */ = {
			isa = PBXResourcesBuildPhase;
			buildActionMask = 2147483647;
			files = (
				BD92583229194BC8008A3158 /* .swiftlint.yml in Resources */,
				BD23475F291A5F1F009BC722 /* NotoSansCJKkr-Regular.otf in Resources */,
				BD925810291946E8008A3158 /* Images.xcassets in Resources */,
				BD9257EE291943F9008A3158 /* LaunchScreen.storyboard in Resources */,
				BD9257EB291943F9008A3158 /* Assets.xcassets in Resources */,
				BD23475E291A5F1F009BC722 /* NotoSansCJKkr-Medium.otf in Resources */,
				BD52378C291E5E66004EE2B6 /* GoogleService-Info.plist in Resources */,
			);
			runOnlyForDeploymentPostprocessing = 0;
		};
/* End PBXResourcesBuildPhase section */

/* Begin PBXShellScriptBuildPhase section */
		BD92583029194B38008A3158 /* Run SwiftLint Script */ = {
			isa = PBXShellScriptBuildPhase;
			alwaysOutOfDate = 1;
			buildActionMask = 2147483647;
			files = (
			);
			inputFileListPaths = (
			);
			inputPaths = (
			);
			name = "Run SwiftLint Script";
			outputFileListPaths = (
			);
			outputPaths = (
			);
			runOnlyForDeploymentPostprocessing = 0;
			shellPath = /bin/sh;
			shellScript = "export PATH=\"$PATH:/opt/homebrew/bin\"\n\nif which swiftlint > /dev/null; then\n  swiftlint\nelse\n  echo \"warning: SwiftLint not installed, download from https://github.com/realm/SwiftLint\"\nfi\n";
		};
/* End PBXShellScriptBuildPhase section */

/* Begin PBXSourcesBuildPhase section */
		BD9257DA291943F8008A3158 /* Sources */ = {
			isa = PBXSourcesBuildPhase;
			buildActionMask = 2147483647;
			files = (
				BD3C6482291FEFF3005E7142 /* UserResponseDTO.swift in Sources */,
				BDF5818229327C5D005C8E4E /* SearchAPI.swift in Sources */,
				BD523773291E5277004EE2B6 /* HTTPMethod.swift in Sources */,
				BD347C4C292F6D43009F52BA /* LocationManager.swift in Sources */,
				BDEA51012927FE9300110982 /* HTTPHeaderField.swift in Sources */,
				BD234763291A771A009BC722 /* UILabel+Extension.swift in Sources */,
				BD82EA3E2934C6B800A8FB1C /* StudyRequestViewController.swift in Sources */,
				BD4E1CF02933D01F00BF40BF /* StudyAcceptAPI.swift in Sources */,
				BDE1AC5E2931E9FE009E88AD /* KeywordViewSection.swift in Sources */,
				BD8E98CF2922C27F00133840 /* SignUpRequestDTO.swift in Sources */,
				BD92581629194706008A3158 /* Images.swift in Sources */,
				BD52378A291E5C97004EE2B6 /* EmptyResponse.swift in Sources */,
				BDE095C5291C17AB009CB1C0 /* Onboarding.swift in Sources */,
				BD92580E29194691008A3158 /* BaseViewController.swift in Sources */,
				BD925814291946FE008A3158 /* Colors.swift in Sources */,
				BDEA50F829278BD300110982 /* NetworkProvider.swift in Sources */,
				BD347C55292FC13B009F52BA /* GenderFilterView.swift in Sources */,
				BDC50EC129288D34002378C6 /* SignInAPI.swift in Sources */,
				BD925805291945A8008A3158 /* SplashViewController.swift in Sources */,
				BD4E1CEC2933CF0800BF40BF /* QueueStateDTO.swift in Sources */,
				BD4E1CF42933D0A100BF40BF /* ReviewAPI.swift in Sources */,
				BDE095C7291C1911009CB1C0 /* OnboardingView.swift in Sources */,
				BDE1AC5B2931E98B009E88AD /* KeywordViewController.swift in Sources */,
				BDE095CE291C1E79009CB1C0 /* PhoneEntryViewController.swift in Sources */,
				BDC06B16291EA718000C4A6A /* String+.swift in Sources */,
				BD4B5521292B1D9B00ECFD04 /* MyProfileViewModel.swift in Sources */,
				BDC50EC629289452002378C6 /* WithdrawAPI.swift in Sources */,
				BD8E98B02922774600133840 /* PreviewProvider.swift in Sources */,
				BD347C49292F61FF009F52BA /* MapViewModel.swift in Sources */,
				BDC50EC329289126002378C6 /* SignUpAPI.swift in Sources */,
				BD392CB2291D3990008D3EAB /* NicknameViewController.swift in Sources */,
				BD234775291AA3C7009BC722 /* BaseCollectionViewCell.swift in Sources */,
				BD392CBC291D39EC008D3EAB /* GenderViewController.swift in Sources */,
				BDEA50FF2927F22700110982 /* URLRequestable.swift in Sources */,
				BDE1AC7329321286009E88AD /* KeywordViewModel.swift in Sources */,
				BDE1AC4A2931DE5A009E88AD /* TabBarController.swift in Sources */,
				BD9257E2291943F8008A3158 /* AppDelegate.swift in Sources */,
				BD347C44292F61EB009F52BA /* MapView.swift in Sources */,
				BD347C46292F61F3009F52BA /* MapViewController.swift in Sources */,
				BDC06B13291E763F000C4A6A /* Bindable.swift in Sources */,
				BD392CAE291D304A008D3EAB /* UITextField+Extension.swift in Sources */,
				BD392CC3291D4AAC008D3EAB /* UIStackView+Extension.swift in Sources */,
				BD82EA382934BF7800A8FB1C /* Pager.swift in Sources */,
				BD523777291E537B004EE2B6 /* Environment.swift in Sources */,
				BDF9C185291D5618009B4B1B /* UIButton+Extension.swift in Sources */,
				BDE095D0291C1E92009CB1C0 /* PhoneVerificationViewController.swift in Sources */,
				BD52376D291E5024004EE2B6 /* NetworkError.swift in Sources */,
				BD82EA402934C6C200A8FB1C /* StudyAcceptViewController.swift in Sources */,
				BDE095D2291C1EC7009CB1C0 /* PhoneEntryViewModel.swift in Sources */,
				BD4E1CEE2933CFA500BF40BF /* StudyRequestAPI.swift in Sources */,
				BDEA50FC29278D5D00110982 /* AuthManager.swift in Sources */,
				BD234761291A6052009BC722 /* TypoStyle.swift in Sources */,
				BD4E1CE72933CDFD00BF40BF /* StopQueueAPI.swift in Sources */,
				BD38828429237562000F971D /* MGCHTTPError.swift in Sources */,
				BD347C4E292F7213009F52BA /* MapManager.swift in Sources */,
				BD3C647E291FE3D1005E7142 /* NetworkMonitor.swift in Sources */,
				BDE1AC512931DEE5009E88AD /* FriendViewController.swift in Sources */,
				BD4B551F292B184300ECFD04 /* MyProfileItemCellViewModel.swift in Sources */,
				BD38828029237316000F971D /* MGCError.swift in Sources */,
				BD392CBF291D49DA008D3EAB /* GenderInputView.swift in Sources */,
				BD23477A291AA451009BC722 /* UICollectionView+Extension.swift in Sources */,
				BD234770291A9B8A009BC722 /* MGCButtonStyle.swift in Sources */,
				BD4B551C292A91E000ECFD04 /* MyProfileViewSection.swift in Sources */,
				BD3C6485291FF0C3005E7142 /* User.swift in Sources */,
				BDC06B1C291EC750000C4A6A /* FirebaseAuthRepositoryImpl.swift in Sources */,
				BD15957F291A3FAE00C552CB /* Adjusted+Extension.swift in Sources */,
				BDE095D4291C1ED0009CB1C0 /* PhoneVerificationViewModel.swift in Sources */,
				BDF9C187291D6394009B4B1B /* BirthInputView.swift in Sources */,
				BDE1AC602931EA05009E88AD /* KeywordView.swift in Sources */,
				BD4E1CE92933CEBD00BF40BF /* MyQueueStateAPI.swift in Sources */,
				BDC06B1A291EC66E000C4A6A /* FirebaseAuthRepository.swift in Sources */,
				BDE1AC4C2931DE76009E88AD /* Tab.swift in Sources */,
				BDA41069292BF6330053FF3B /* FindQueueAPI.swift in Sources */,
				BD8E98B22922776E00133840 /* Device.swift in Sources */,
				BD388282292374A9000F971D /* MGCNetworkError.swift in Sources */,
				BD392CBA291D39DD008D3EAB /* EmailViewController.swift in Sources */,
				BD9257E4291943F8008A3158 /* SceneDelegate.swift in Sources */,
				BD392CB6291D39A5008D3EAB /* BirthViewController.swift in Sources */,
				BD4B5517292A8A6D00ECFD04 /* MyProfileViewController.swift in Sources */,
				BD234778291AA418009BC722 /* Reusable.swift in Sources */,
				BDE1AC552931E4BE009E88AD /* BaseTabBarController.swift in Sources */,
				BDC06B11291E70C7000C4A6A /* ViewModelType.swift in Sources */,
				BD23476B291A9AEB009BC722 /* BaseView.swift in Sources */,
				BDA41066292BDFB60053FF3B /* HTTPError.swift in Sources */,
				BDF5818529327D2D005C8E4E /* SearchResponseDTO.swift in Sources */,
				BD52377F291E591A004EE2B6 /* Encodable+toDictionary.swift in Sources */,
				BD392CC1291D4A61008D3EAB /* UIView+Extension.swift in Sources */,
				BD92580B29194670008A3158 /* OnboardingViewController.swift in Sources */,
				BD523765291DFC0A004EE2B6 /* UserDefaultsManager.swift in Sources */,
				BDC50EC9292929C1002378C6 /* MyPageAPI.swift in Sources */,
				BDE1AC532931DEED009E88AD /* ShopViewController.swift in Sources */,
				BDE1AC642931FCEE009E88AD /* KeywordSectionHeaderView.swift in Sources */,
				BD38827E292372B5000F971D /* FirbaseTokenError.swift in Sources */,
				BDF5818029323533005C8E4E /* KeywordError.swift in Sources */,
				BDE1AC662931FE51009E88AD /* KeywordCell.swift in Sources */,
				BD4B5519292A8B3C00ECFD04 /* MyProfileItemCell.swift in Sources */,
				BD4E1CF22933D05600BF40BF /* StudyDodgeAPI.swift in Sources */,
				BD23477F291BB48A009BC722 /* UIFont+Extension.swift in Sources */,
				BD82EA3C2934C66900A8FB1C /* MatchViewController.swift in Sources */,
				BDE4B6CC2920091E0084D60F /* NicknameViewModel.swift in Sources */,
				BD23476E291A9B41009BC722 /* MGCButton.swift in Sources */,
				BDE1AC572931E668009E88AD /* CALayer+.swift in Sources */,
				BD23477C291AA4EF009BC722 /* OnboardingCollectionViewCell.swift in Sources */,
			);
			runOnlyForDeploymentPostprocessing = 0;
		};
/* End PBXSourcesBuildPhase section */

/* Begin PBXVariantGroup section */
		BD9257EC291943F9008A3158 /* LaunchScreen.storyboard */ = {
			isa = PBXVariantGroup;
			children = (
				BD9257ED291943F9008A3158 /* Base */,
			);
			name = LaunchScreen.storyboard;
			sourceTree = "<group>";
		};
/* End PBXVariantGroup section */

/* Begin XCBuildConfiguration section */
		BD523778291E5400004EE2B6 /* Test */ = {
			isa = XCBuildConfiguration;
			buildSettings = {
				ALWAYS_SEARCH_USER_PATHS = NO;
				CLANG_ANALYZER_NONNULL = YES;
				CLANG_ANALYZER_NUMBER_OBJECT_CONVERSION = YES_AGGRESSIVE;
				CLANG_CXX_LANGUAGE_STANDARD = "gnu++20";
				CLANG_ENABLE_MODULES = YES;
				CLANG_ENABLE_OBJC_ARC = YES;
				CLANG_ENABLE_OBJC_WEAK = YES;
				CLANG_WARN_BLOCK_CAPTURE_AUTORELEASING = YES;
				CLANG_WARN_BOOL_CONVERSION = YES;
				CLANG_WARN_COMMA = YES;
				CLANG_WARN_CONSTANT_CONVERSION = YES;
				CLANG_WARN_DEPRECATED_OBJC_IMPLEMENTATIONS = YES;
				CLANG_WARN_DIRECT_OBJC_ISA_USAGE = YES_ERROR;
				CLANG_WARN_DOCUMENTATION_COMMENTS = YES;
				CLANG_WARN_EMPTY_BODY = YES;
				CLANG_WARN_ENUM_CONVERSION = YES;
				CLANG_WARN_INFINITE_RECURSION = YES;
				CLANG_WARN_INT_CONVERSION = YES;
				CLANG_WARN_NON_LITERAL_NULL_CONVERSION = YES;
				CLANG_WARN_OBJC_IMPLICIT_RETAIN_SELF = YES;
				CLANG_WARN_OBJC_LITERAL_CONVERSION = YES;
				CLANG_WARN_OBJC_ROOT_CLASS = YES_ERROR;
				CLANG_WARN_QUOTED_INCLUDE_IN_FRAMEWORK_HEADER = YES;
				CLANG_WARN_RANGE_LOOP_ANALYSIS = YES;
				CLANG_WARN_STRICT_PROTOTYPES = YES;
				CLANG_WARN_SUSPICIOUS_MOVE = YES;
				CLANG_WARN_UNGUARDED_AVAILABILITY = YES_AGGRESSIVE;
				CLANG_WARN_UNREACHABLE_CODE = YES;
				CLANG_WARN__DUPLICATE_METHOD_MATCH = YES;
				COPY_PHASE_STRIP = NO;
				DEBUG_INFORMATION_FORMAT = dwarf;
				ENABLE_STRICT_OBJC_MSGSEND = YES;
				ENABLE_TESTABILITY = YES;
				GCC_C_LANGUAGE_STANDARD = gnu11;
				GCC_DYNAMIC_NO_PIC = NO;
				GCC_NO_COMMON_BLOCKS = YES;
				GCC_OPTIMIZATION_LEVEL = 0;
				GCC_PREPROCESSOR_DEFINITIONS = (
					"DEBUG=1",
					"$(inherited)",
				);
				GCC_WARN_64_TO_32_BIT_CONVERSION = YES;
				GCC_WARN_ABOUT_RETURN_TYPE = YES_ERROR;
				GCC_WARN_UNDECLARED_SELECTOR = YES;
				GCC_WARN_UNINITIALIZED_AUTOS = YES_AGGRESSIVE;
				GCC_WARN_UNUSED_FUNCTION = YES;
				GCC_WARN_UNUSED_VARIABLE = YES;
				IPHONEOS_DEPLOYMENT_TARGET = 15.0;
				MTL_ENABLE_DEBUG_INFO = INCLUDE_SOURCE;
				MTL_FAST_MATH = YES;
				ONLY_ACTIVE_ARCH = YES;
				OTHER_SWIFT_FLAGS = TEST;
				SDKROOT = iphoneos;
				SWIFT_ACTIVE_COMPILATION_CONDITIONS = TEST;
				SWIFT_OPTIMIZATION_LEVEL = "-Onone";
			};
			name = Test;
		};
		BD523779291E5400004EE2B6 /* Test */ = {
			isa = XCBuildConfiguration;
			buildSettings = {
				ASSETCATALOG_COMPILER_APPICON_NAME = AppIcon;
				ASSETCATALOG_COMPILER_GLOBAL_ACCENT_COLOR_NAME = AccentColor;
				CODE_SIGN_ENTITLEMENTS = Mogakco/Mogakco.entitlements;
				CODE_SIGN_IDENTITY = "Apple Development";
				CODE_SIGN_STYLE = Automatic;
				CURRENT_PROJECT_VERSION = 1;
				DEVELOPMENT_TEAM = "";
				GENERATE_INFOPLIST_FILE = YES;
				INFOPLIST_FILE = Mogakco/Supports/Info.plist;
				INFOPLIST_KEY_UIApplicationSupportsIndirectInputEvents = YES;
				INFOPLIST_KEY_UILaunchStoryboardName = LaunchScreen;
				INFOPLIST_KEY_UISupportedInterfaceOrientations = UIInterfaceOrientationPortrait;
				INFOPLIST_KEY_UISupportedInterfaceOrientations_iPad = "UIInterfaceOrientationLandscapeLeft UIInterfaceOrientationLandscapeRight UIInterfaceOrientationPortrait UIInterfaceOrientationPortraitUpsideDown";
				INFOPLIST_KEY_UIUserInterfaceStyle = Light;
				LD_RUNPATH_SEARCH_PATHS = (
					"$(inherited)",
					"@executable_path/Frameworks",
				);
				MARKETING_VERSION = 1.0;
				PRODUCT_BUNDLE_IDENTIFIER = com.memolease.sesacslp;
				PRODUCT_NAME = "$(TARGET_NAME)";
				PROVISIONING_PROFILE_SPECIFIER = "";
				SWIFT_EMIT_LOC_STRINGS = YES;
				SWIFT_VERSION = 5.0;
				TARGETED_DEVICE_FAMILY = "1,2";
			};
			name = Test;
		};
		BD9257F0291943F9008A3158 /* Debug */ = {
			isa = XCBuildConfiguration;
			buildSettings = {
				ALWAYS_SEARCH_USER_PATHS = NO;
				CLANG_ANALYZER_NONNULL = YES;
				CLANG_ANALYZER_NUMBER_OBJECT_CONVERSION = YES_AGGRESSIVE;
				CLANG_CXX_LANGUAGE_STANDARD = "gnu++20";
				CLANG_ENABLE_MODULES = YES;
				CLANG_ENABLE_OBJC_ARC = YES;
				CLANG_ENABLE_OBJC_WEAK = YES;
				CLANG_WARN_BLOCK_CAPTURE_AUTORELEASING = YES;
				CLANG_WARN_BOOL_CONVERSION = YES;
				CLANG_WARN_COMMA = YES;
				CLANG_WARN_CONSTANT_CONVERSION = YES;
				CLANG_WARN_DEPRECATED_OBJC_IMPLEMENTATIONS = YES;
				CLANG_WARN_DIRECT_OBJC_ISA_USAGE = YES_ERROR;
				CLANG_WARN_DOCUMENTATION_COMMENTS = YES;
				CLANG_WARN_EMPTY_BODY = YES;
				CLANG_WARN_ENUM_CONVERSION = YES;
				CLANG_WARN_INFINITE_RECURSION = YES;
				CLANG_WARN_INT_CONVERSION = YES;
				CLANG_WARN_NON_LITERAL_NULL_CONVERSION = YES;
				CLANG_WARN_OBJC_IMPLICIT_RETAIN_SELF = YES;
				CLANG_WARN_OBJC_LITERAL_CONVERSION = YES;
				CLANG_WARN_OBJC_ROOT_CLASS = YES_ERROR;
				CLANG_WARN_QUOTED_INCLUDE_IN_FRAMEWORK_HEADER = YES;
				CLANG_WARN_RANGE_LOOP_ANALYSIS = YES;
				CLANG_WARN_STRICT_PROTOTYPES = YES;
				CLANG_WARN_SUSPICIOUS_MOVE = YES;
				CLANG_WARN_UNGUARDED_AVAILABILITY = YES_AGGRESSIVE;
				CLANG_WARN_UNREACHABLE_CODE = YES;
				CLANG_WARN__DUPLICATE_METHOD_MATCH = YES;
				COPY_PHASE_STRIP = NO;
				DEBUG_INFORMATION_FORMAT = dwarf;
				ENABLE_STRICT_OBJC_MSGSEND = YES;
				ENABLE_TESTABILITY = YES;
				GCC_C_LANGUAGE_STANDARD = gnu11;
				GCC_DYNAMIC_NO_PIC = NO;
				GCC_NO_COMMON_BLOCKS = YES;
				GCC_OPTIMIZATION_LEVEL = 0;
				GCC_PREPROCESSOR_DEFINITIONS = (
					"DEBUG=1",
					"$(inherited)",
				);
				GCC_WARN_64_TO_32_BIT_CONVERSION = YES;
				GCC_WARN_ABOUT_RETURN_TYPE = YES_ERROR;
				GCC_WARN_UNDECLARED_SELECTOR = YES;
				GCC_WARN_UNINITIALIZED_AUTOS = YES_AGGRESSIVE;
				GCC_WARN_UNUSED_FUNCTION = YES;
				GCC_WARN_UNUSED_VARIABLE = YES;
				IPHONEOS_DEPLOYMENT_TARGET = 15.0;
				MTL_ENABLE_DEBUG_INFO = INCLUDE_SOURCE;
				MTL_FAST_MATH = YES;
				ONLY_ACTIVE_ARCH = YES;
				SDKROOT = iphoneos;
				SWIFT_ACTIVE_COMPILATION_CONDITIONS = DEBUG;
				SWIFT_OPTIMIZATION_LEVEL = "-Onone";
			};
			name = Debug;
		};
		BD9257F1291943F9008A3158 /* Release */ = {
			isa = XCBuildConfiguration;
			buildSettings = {
				ALWAYS_SEARCH_USER_PATHS = NO;
				CLANG_ANALYZER_NONNULL = YES;
				CLANG_ANALYZER_NUMBER_OBJECT_CONVERSION = YES_AGGRESSIVE;
				CLANG_CXX_LANGUAGE_STANDARD = "gnu++20";
				CLANG_ENABLE_MODULES = YES;
				CLANG_ENABLE_OBJC_ARC = YES;
				CLANG_ENABLE_OBJC_WEAK = YES;
				CLANG_WARN_BLOCK_CAPTURE_AUTORELEASING = YES;
				CLANG_WARN_BOOL_CONVERSION = YES;
				CLANG_WARN_COMMA = YES;
				CLANG_WARN_CONSTANT_CONVERSION = YES;
				CLANG_WARN_DEPRECATED_OBJC_IMPLEMENTATIONS = YES;
				CLANG_WARN_DIRECT_OBJC_ISA_USAGE = YES_ERROR;
				CLANG_WARN_DOCUMENTATION_COMMENTS = YES;
				CLANG_WARN_EMPTY_BODY = YES;
				CLANG_WARN_ENUM_CONVERSION = YES;
				CLANG_WARN_INFINITE_RECURSION = YES;
				CLANG_WARN_INT_CONVERSION = YES;
				CLANG_WARN_NON_LITERAL_NULL_CONVERSION = YES;
				CLANG_WARN_OBJC_IMPLICIT_RETAIN_SELF = YES;
				CLANG_WARN_OBJC_LITERAL_CONVERSION = YES;
				CLANG_WARN_OBJC_ROOT_CLASS = YES_ERROR;
				CLANG_WARN_QUOTED_INCLUDE_IN_FRAMEWORK_HEADER = YES;
				CLANG_WARN_RANGE_LOOP_ANALYSIS = YES;
				CLANG_WARN_STRICT_PROTOTYPES = YES;
				CLANG_WARN_SUSPICIOUS_MOVE = YES;
				CLANG_WARN_UNGUARDED_AVAILABILITY = YES_AGGRESSIVE;
				CLANG_WARN_UNREACHABLE_CODE = YES;
				CLANG_WARN__DUPLICATE_METHOD_MATCH = YES;
				COPY_PHASE_STRIP = NO;
				DEBUG_INFORMATION_FORMAT = "dwarf-with-dsym";
				ENABLE_NS_ASSERTIONS = NO;
				ENABLE_STRICT_OBJC_MSGSEND = YES;
				GCC_C_LANGUAGE_STANDARD = gnu11;
				GCC_NO_COMMON_BLOCKS = YES;
				GCC_WARN_64_TO_32_BIT_CONVERSION = YES;
				GCC_WARN_ABOUT_RETURN_TYPE = YES_ERROR;
				GCC_WARN_UNDECLARED_SELECTOR = YES;
				GCC_WARN_UNINITIALIZED_AUTOS = YES_AGGRESSIVE;
				GCC_WARN_UNUSED_FUNCTION = YES;
				GCC_WARN_UNUSED_VARIABLE = YES;
				IPHONEOS_DEPLOYMENT_TARGET = 15.0;
				MTL_ENABLE_DEBUG_INFO = NO;
				MTL_FAST_MATH = YES;
				SDKROOT = iphoneos;
				SWIFT_ACTIVE_COMPILATION_CONDITIONS = RELEASE;
				SWIFT_COMPILATION_MODE = wholemodule;
				SWIFT_OPTIMIZATION_LEVEL = "-O";
				VALIDATE_PRODUCT = YES;
			};
			name = Release;
		};
		BD9257F3291943F9008A3158 /* Debug */ = {
			isa = XCBuildConfiguration;
			buildSettings = {
				ASSETCATALOG_COMPILER_APPICON_NAME = AppIcon;
				ASSETCATALOG_COMPILER_GLOBAL_ACCENT_COLOR_NAME = AccentColor;
				CODE_SIGN_ENTITLEMENTS = Mogakco/Mogakco.entitlements;
				CODE_SIGN_IDENTITY = "Apple Development";
				CODE_SIGN_STYLE = Automatic;
				CURRENT_PROJECT_VERSION = 1;
				DEVELOPMENT_TEAM = "";
				GENERATE_INFOPLIST_FILE = YES;
				INFOPLIST_FILE = Mogakco/Supports/Info.plist;
				INFOPLIST_KEY_UIApplicationSupportsIndirectInputEvents = YES;
				INFOPLIST_KEY_UILaunchStoryboardName = LaunchScreen;
				INFOPLIST_KEY_UISupportedInterfaceOrientations = UIInterfaceOrientationPortrait;
				INFOPLIST_KEY_UISupportedInterfaceOrientations_iPad = "UIInterfaceOrientationLandscapeLeft UIInterfaceOrientationLandscapeRight UIInterfaceOrientationPortrait UIInterfaceOrientationPortraitUpsideDown";
				INFOPLIST_KEY_UIUserInterfaceStyle = Light;
				LD_RUNPATH_SEARCH_PATHS = (
					"$(inherited)",
					"@executable_path/Frameworks",
				);
				MARKETING_VERSION = 1.0;
				PRODUCT_BUNDLE_IDENTIFIER = com.memolease.sesacslp;
				PRODUCT_NAME = "$(TARGET_NAME)";
				PROVISIONING_PROFILE_SPECIFIER = "";
				SWIFT_EMIT_LOC_STRINGS = YES;
				SWIFT_VERSION = 5.0;
				TARGETED_DEVICE_FAMILY = "1,2";
			};
			name = Debug;
		};
		BD9257F4291943F9008A3158 /* Release */ = {
			isa = XCBuildConfiguration;
			buildSettings = {
				ASSETCATALOG_COMPILER_APPICON_NAME = AppIcon;
				ASSETCATALOG_COMPILER_GLOBAL_ACCENT_COLOR_NAME = AccentColor;
				CODE_SIGN_ENTITLEMENTS = Mogakco/Mogakco.entitlements;
				CODE_SIGN_IDENTITY = "Apple Development";
				CODE_SIGN_STYLE = Automatic;
				CURRENT_PROJECT_VERSION = 1;
				DEVELOPMENT_TEAM = "";
				GENERATE_INFOPLIST_FILE = YES;
				INFOPLIST_FILE = Mogakco/Supports/Info.plist;
				INFOPLIST_KEY_UIApplicationSupportsIndirectInputEvents = YES;
				INFOPLIST_KEY_UILaunchStoryboardName = LaunchScreen;
				INFOPLIST_KEY_UISupportedInterfaceOrientations = UIInterfaceOrientationPortrait;
				INFOPLIST_KEY_UISupportedInterfaceOrientations_iPad = "UIInterfaceOrientationLandscapeLeft UIInterfaceOrientationLandscapeRight UIInterfaceOrientationPortrait UIInterfaceOrientationPortraitUpsideDown";
				INFOPLIST_KEY_UIUserInterfaceStyle = Light;
				LD_RUNPATH_SEARCH_PATHS = (
					"$(inherited)",
					"@executable_path/Frameworks",
				);
				MARKETING_VERSION = 1.0;
				PRODUCT_BUNDLE_IDENTIFIER = com.memolease.sesacslp;
				PRODUCT_NAME = "$(TARGET_NAME)";
				PROVISIONING_PROFILE_SPECIFIER = "";
				SWIFT_EMIT_LOC_STRINGS = YES;
				SWIFT_VERSION = 5.0;
				TARGETED_DEVICE_FAMILY = "1,2";
			};
			name = Release;
		};
/* End XCBuildConfiguration section */

/* Begin XCConfigurationList section */
		BD9257D9291943F7008A3158 /* Build configuration list for PBXProject "Mogakco" */ = {
			isa = XCConfigurationList;
			buildConfigurations = (
				BD9257F0291943F9008A3158 /* Debug */,
				BD523778291E5400004EE2B6 /* Test */,
				BD9257F1291943F9008A3158 /* Release */,
			);
			defaultConfigurationIsVisible = 0;
			defaultConfigurationName = Release;
		};
		BD9257F2291943F9008A3158 /* Build configuration list for PBXNativeTarget "Mogakco" */ = {
			isa = XCConfigurationList;
			buildConfigurations = (
				BD9257F3291943F9008A3158 /* Debug */,
				BD523779291E5400004EE2B6 /* Test */,
				BD9257F4291943F9008A3158 /* Release */,
			);
			defaultConfigurationIsVisible = 0;
			defaultConfigurationName = Release;
		};
/* End XCConfigurationList section */

/* Begin XCRemoteSwiftPackageReference section */
		BD4B5511292A8A0C00ECFD04 /* XCRemoteSwiftPackageReference "RxDataSources" */ = {
			isa = XCRemoteSwiftPackageReference;
			repositoryURL = "https://github.com/RxSwiftCommunity/RxDataSources.git";
			requirement = {
				kind = upToNextMajorVersion;
				minimumVersion = 5.0.0;
			};
		};
		BD8E98B92922BCCA00133840 /* XCRemoteSwiftPackageReference "SnapKit" */ = {
			isa = XCRemoteSwiftPackageReference;
			repositoryURL = "https://github.com/SnapKit/SnapKit.git";
			requirement = {
				kind = upToNextMajorVersion;
				minimumVersion = 5.0.0;
			};
		};
		BD8E98BC2922BCD500133840 /* XCRemoteSwiftPackageReference "Then" */ = {
			isa = XCRemoteSwiftPackageReference;
			repositoryURL = "https://github.com/devxoul/Then.git";
			requirement = {
				kind = upToNextMajorVersion;
				minimumVersion = 3.0.0;
			};
		};
		BD8E98BF2922BD7C00133840 /* XCRemoteSwiftPackageReference "firebase-ios-sdk" */ = {
			isa = XCRemoteSwiftPackageReference;
			repositoryURL = "https://github.com/firebase/firebase-ios-sdk.git";
			requirement = {
				kind = upToNextMajorVersion;
				minimumVersion = 9.0.0;
			};
		};
		BD8E98C92922BE0700133840 /* XCRemoteSwiftPackageReference "Toast-Swift" */ = {
			isa = XCRemoteSwiftPackageReference;
			repositoryURL = "https://github.com/scalessec/Toast-Swift.git";
			requirement = {
				kind = upToNextMajorVersion;
				minimumVersion = 5.0.0;
			};
		};
		BDE1AC6729320E75009E88AD /* XCRemoteSwiftPackageReference "RxSwift" */ = {
			isa = XCRemoteSwiftPackageReference;
			repositoryURL = "https://github.com/ReactiveX/RxSwift.git";
			requirement = {
				kind = upToNextMajorVersion;
				minimumVersion = 6.0.0;
			};
		};
		BDE1AC6E29320ED0009E88AD /* XCRemoteSwiftPackageReference "RxKeyboard" */ = {
			isa = XCRemoteSwiftPackageReference;
			repositoryURL = "https://github.com/RxSwiftCommunity/RxKeyboard.git";
			requirement = {
				kind = upToNextMajorVersion;
				minimumVersion = 2.0.0;
			};
		};
		BDE1AC7429321EC5009E88AD /* XCRemoteSwiftPackageReference "RxGesture" */ = {
			isa = XCRemoteSwiftPackageReference;
			repositoryURL = "https://github.com/RxSwiftCommunity/RxGesture.git";
			requirement = {
				kind = upToNextMajorVersion;
				minimumVersion = 4.0.0;
			};
		};
/* End XCRemoteSwiftPackageReference section */

/* Begin XCSwiftPackageProductDependency section */
		BD4B5512292A8A0C00ECFD04 /* RxDataSources */ = {
			isa = XCSwiftPackageProductDependency;
			package = BD4B5511292A8A0C00ECFD04 /* XCRemoteSwiftPackageReference "RxDataSources" */;
			productName = RxDataSources;
		};
		BD8E98BA2922BCCA00133840 /* SnapKit */ = {
			isa = XCSwiftPackageProductDependency;
			package = BD8E98B92922BCCA00133840 /* XCRemoteSwiftPackageReference "SnapKit" */;
			productName = SnapKit;
		};
		BD8E98BD2922BCD500133840 /* Then */ = {
			isa = XCSwiftPackageProductDependency;
			package = BD8E98BC2922BCD500133840 /* XCRemoteSwiftPackageReference "Then" */;
			productName = Then;
		};
		BD8E98C02922BD7C00133840 /* FirebaseAuth */ = {
			isa = XCSwiftPackageProductDependency;
			package = BD8E98BF2922BD7C00133840 /* XCRemoteSwiftPackageReference "firebase-ios-sdk" */;
			productName = FirebaseAuth;
		};
		BD8E98C22922BD7C00133840 /* FirebaseMessaging */ = {
			isa = XCSwiftPackageProductDependency;
			package = BD8E98BF2922BD7C00133840 /* XCRemoteSwiftPackageReference "firebase-ios-sdk" */;
			productName = FirebaseMessaging;
		};
		BD8E98CA2922BE0700133840 /* Toast */ = {
			isa = XCSwiftPackageProductDependency;
			package = BD8E98C92922BE0700133840 /* XCRemoteSwiftPackageReference "Toast-Swift" */;
			productName = Toast;
		};
		BDE1AC6829320E75009E88AD /* RxCocoa */ = {
			isa = XCSwiftPackageProductDependency;
			package = BDE1AC6729320E75009E88AD /* XCRemoteSwiftPackageReference "RxSwift" */;
			productName = RxCocoa;
		};
		BDE1AC6A29320E75009E88AD /* RxRelay */ = {
			isa = XCSwiftPackageProductDependency;
			package = BDE1AC6729320E75009E88AD /* XCRemoteSwiftPackageReference "RxSwift" */;
			productName = RxRelay;
		};
		BDE1AC6C29320E75009E88AD /* RxSwift */ = {
			isa = XCSwiftPackageProductDependency;
			package = BDE1AC6729320E75009E88AD /* XCRemoteSwiftPackageReference "RxSwift" */;
			productName = RxSwift;
		};
		BDE1AC6F29320ED0009E88AD /* RxKeyboard */ = {
			isa = XCSwiftPackageProductDependency;
			package = BDE1AC6E29320ED0009E88AD /* XCRemoteSwiftPackageReference "RxKeyboard" */;
			productName = RxKeyboard;
		};
		BDE1AC7529321EC5009E88AD /* RxGesture */ = {
			isa = XCSwiftPackageProductDependency;
			package = BDE1AC7429321EC5009E88AD /* XCRemoteSwiftPackageReference "RxGesture" */;
			productName = RxGesture;
		};
/* End XCSwiftPackageProductDependency section */
	};
	rootObject = BD9257D6291943F7008A3158 /* Project object */;
}
